// !$*UTF8*$!
{
	archiveVersion = 1;
	classes = {
	};
	objectVersion = 56;
	objects = {

/* Begin PBXBuildFile section */
		0F6675B52C60283000B2BA76 /* ContentView.swift in Sources */ = {isa = PBXBuildFile; fileRef = 0F6675B42C60283000B2BA76 /* ContentView.swift */; };
		0F6675B72C60283100B2BA76 /* Assets.xcassets in Resources */ = {isa = PBXBuildFile; fileRef = 0F6675B62C60283100B2BA76 /* Assets.xcassets */; };
		0F6675BA2C60283100B2BA76 /* Preview Assets.xcassets in Resources */ = {isa = PBXBuildFile; fileRef = 0F6675B92C60283100B2BA76 /* Preview Assets.xcassets */; };
		0F6675BF2C602A9500B2BA76 /* hikeData.json in Resources */ = {isa = PBXBuildFile; fileRef = 0FEB30CF2C5C0FDC004B6282 /* hikeData.json */; };
		0F6675C02C602A9500B2BA76 /* Assets.xcassets in Resources */ = {isa = PBXBuildFile; fileRef = 0FEB30992C59405A004B6282 /* Assets.xcassets */; };
		0F6675C12C602A9500B2BA76 /* landmarkData.json in Resources */ = {isa = PBXBuildFile; fileRef = 0FEB30AB2C59640B004B6282 /* landmarkData.json */; };
		0F6675C22C602A9500B2BA76 /* MapView.swift in Sources */ = {isa = PBXBuildFile; fileRef = 0FEB30A72C595C6E004B6282 /* MapView.swift */; };
		0F6675C32C602A9500B2BA76 /* LandmarksApp.swift in Sources */ = {isa = PBXBuildFile; fileRef = 0FEB30952C594059004B6282 /* LandmarksApp.swift */; };
		0F6675C42C602A9500B2BA76 /* LandmarkList.swift in Sources */ = {isa = PBXBuildFile; fileRef = 0FEB30B62C597237004B6282 /* LandmarkList.swift */; };
		0F6675C52C602A9500B2BA76 /* FavoriteButton.swift in Sources */ = {isa = PBXBuildFile; fileRef = 0FEB30BA2C5AC80C004B6282 /* FavoriteButton.swift */; };
		0F6675C62C602A9500B2BA76 /* CircleImage.swift in Sources */ = {isa = PBXBuildFile; fileRef = 0FEB30A52C595979004B6282 /* CircleImage.swift */; };
		0F6675C72C602A9500B2BA76 /* Profile.swift in Sources */ = {isa = PBXBuildFile; fileRef = 0FEB30E52C5D2E83004B6282 /* Profile.swift */; };
		0F6675C82C602A9500B2BA76 /* ModelData.swift in Sources */ = {isa = PBXBuildFile; fileRef = 0FEB30AF2C596AD5004B6282 /* ModelData.swift */; };
		0F6675C92C602A9500B2BA76 /* Hike.swift in Sources */ = {isa = PBXBuildFile; fileRef = 0FEB30D12C5C106D004B6282 /* Hike.swift */; };
		0F6675CA2C602A9500B2BA76 /* LandmarkRow.swift in Sources */ = {isa = PBXBuildFile; fileRef = 0FEB30CD2C5C015A004B6282 /* LandmarkRow.swift */; };
		0F6675CB2C602A9500B2BA76 /* Landmark.swift in Sources */ = {isa = PBXBuildFile; fileRef = 0FEB30AD2C59683D004B6282 /* Landmark.swift */; };
		0F6675CD2C602C2500B2BA76 /* LandmarkDetail.swift in Sources */ = {isa = PBXBuildFile; fileRef = 0F6675CC2C602C2500B2BA76 /* LandmarkDetail.swift */; };
		0F6675CF2C60333000B2BA76 /* LandmarkList.swift in Sources */ = {isa = PBXBuildFile; fileRef = 0F6675CE2C60333000B2BA76 /* LandmarkList.swift */; };
		0F6675D12C61412C00B2BA76 /* LandmarkCommands.swift in Sources */ = {isa = PBXBuildFile; fileRef = 0F6675D02C61412C00B2BA76 /* LandmarkCommands.swift */; };
		0F6675D22C61412C00B2BA76 /* LandmarkCommands.swift in Sources */ = {isa = PBXBuildFile; fileRef = 0F6675D02C61412C00B2BA76 /* LandmarkCommands.swift */; };
		0F6675D42C6153EA00B2BA76 /* LandmarkSettings.swift in Sources */ = {isa = PBXBuildFile; fileRef = 0F6675D32C6153EA00B2BA76 /* LandmarkSettings.swift */; };
		0F76DE392C5FE46A00D2C46D /* ContentView.swift in Sources */ = {isa = PBXBuildFile; fileRef = 0F76DE382C5FE46A00D2C46D /* ContentView.swift */; };
		0F76DE3B2C5FE46A00D2C46D /* Assets.xcassets in Resources */ = {isa = PBXBuildFile; fileRef = 0F76DE3A2C5FE46A00D2C46D /* Assets.xcassets */; };
		0F76DE3E2C5FE46A00D2C46D /* Preview Assets.xcassets in Resources */ = {isa = PBXBuildFile; fileRef = 0F76DE3D2C5FE46A00D2C46D /* Preview Assets.xcassets */; };
		0F76DE412C5FE46A00D2C46D /* WatchLandmarks Watch App.app in Embed Watch Content */ = {isa = PBXBuildFile; fileRef = 0F76DE342C5FE46A00D2C46D /* WatchLandmarks Watch App.app */; settings = {ATTRIBUTES = (RemoveHeadersOnCopy, ); }; };
		0F76DE462C5FF03C00D2C46D /* hikeData.json in Resources */ = {isa = PBXBuildFile; fileRef = 0FEB30CF2C5C0FDC004B6282 /* hikeData.json */; };
		0F76DE472C5FF03C00D2C46D /* landmarkData.json in Resources */ = {isa = PBXBuildFile; fileRef = 0FEB30AB2C59640B004B6282 /* landmarkData.json */; };
		0F76DE482C5FF03C00D2C46D /* Assets.xcassets in Resources */ = {isa = PBXBuildFile; fileRef = 0FEB30992C59405A004B6282 /* Assets.xcassets */; };
		0F76DE492C5FF03C00D2C46D /* Hike.swift in Sources */ = {isa = PBXBuildFile; fileRef = 0FEB30D12C5C106D004B6282 /* Hike.swift */; };
		0F76DE4A2C5FF03C00D2C46D /* ModelData.swift in Sources */ = {isa = PBXBuildFile; fileRef = 0FEB30AF2C596AD5004B6282 /* ModelData.swift */; };
		0F76DE4C2C5FF03C00D2C46D /* LandmarkRow.swift in Sources */ = {isa = PBXBuildFile; fileRef = 0FEB30CD2C5C015A004B6282 /* LandmarkRow.swift */; };
		0F76DE4D2C5FF03C00D2C46D /* LandmarksApp.swift in Sources */ = {isa = PBXBuildFile; fileRef = 0FEB30952C594059004B6282 /* LandmarksApp.swift */; };
		0F76DE4E2C5FF03C00D2C46D /* MapView.swift in Sources */ = {isa = PBXBuildFile; fileRef = 0FEB30A72C595C6E004B6282 /* MapView.swift */; };
		0F76DE4F2C5FF03C00D2C46D /* Profile.swift in Sources */ = {isa = PBXBuildFile; fileRef = 0FEB30E52C5D2E83004B6282 /* Profile.swift */; };
		0F76DE502C5FF03C00D2C46D /* CircleImage.swift in Sources */ = {isa = PBXBuildFile; fileRef = 0FEB30A52C595979004B6282 /* CircleImage.swift */; };
		0F76DE512C5FF03C00D2C46D /* Landmark.swift in Sources */ = {isa = PBXBuildFile; fileRef = 0FEB30AD2C59683D004B6282 /* Landmark.swift */; };
		0F76DE532C5FF2A300D2C46D /* LandmarkDetail.swift in Sources */ = {isa = PBXBuildFile; fileRef = 0F76DE522C5FF2A300D2C46D /* LandmarkDetail.swift */; };
		0F76DE552C60017300D2C46D /* NotificationView.swift in Sources */ = {isa = PBXBuildFile; fileRef = 0F76DE542C60017300D2C46D /* NotificationView.swift */; };
		0F76DE572C6002A700D2C46D /* NotificationController.swift in Sources */ = {isa = PBXBuildFile; fileRef = 0F76DE562C6002A700D2C46D /* NotificationController.swift */; };
		0FEB30962C594059004B6282 /* LandmarksApp.swift in Sources */ = {isa = PBXBuildFile; fileRef = 0FEB30952C594059004B6282 /* LandmarksApp.swift */; };
		0FEB30982C594059004B6282 /* ContentView.swift in Sources */ = {isa = PBXBuildFile; fileRef = 0FEB30972C594059004B6282 /* ContentView.swift */; };
		0FEB309A2C59405A004B6282 /* Assets.xcassets in Resources */ = {isa = PBXBuildFile; fileRef = 0FEB30992C59405A004B6282 /* Assets.xcassets */; };
		0FEB309D2C59405A004B6282 /* Preview Assets.xcassets in Resources */ = {isa = PBXBuildFile; fileRef = 0FEB309C2C59405A004B6282 /* Preview Assets.xcassets */; };
		0FEB30A62C595979004B6282 /* CircleImage.swift in Sources */ = {isa = PBXBuildFile; fileRef = 0FEB30A52C595979004B6282 /* CircleImage.swift */; };
		0FEB30A82C595C6E004B6282 /* MapView.swift in Sources */ = {isa = PBXBuildFile; fileRef = 0FEB30A72C595C6E004B6282 /* MapView.swift */; };
		0FEB30AA2C5962B5004B6282 /* Readme.md in Resources */ = {isa = PBXBuildFile; fileRef = 0FEB30A92C5962B5004B6282 /* Readme.md */; };
		0FEB30AC2C59640B004B6282 /* landmarkData.json in Resources */ = {isa = PBXBuildFile; fileRef = 0FEB30AB2C59640B004B6282 /* landmarkData.json */; };
		0FEB30AE2C59683D004B6282 /* Landmark.swift in Sources */ = {isa = PBXBuildFile; fileRef = 0FEB30AD2C59683D004B6282 /* Landmark.swift */; };
		0FEB30B02C596AD5004B6282 /* ModelData.swift in Sources */ = {isa = PBXBuildFile; fileRef = 0FEB30AF2C596AD5004B6282 /* ModelData.swift */; };
		0FEB30B72C597237004B6282 /* LandmarkList.swift in Sources */ = {isa = PBXBuildFile; fileRef = 0FEB30B62C597237004B6282 /* LandmarkList.swift */; };
		0FEB30B92C5976A9004B6282 /* LandmarkDetail.swift in Sources */ = {isa = PBXBuildFile; fileRef = 0FEB30B82C5976A9004B6282 /* LandmarkDetail.swift */; };
		0FEB30BB2C5AC80C004B6282 /* FavoriteButton.swift in Sources */ = {isa = PBXBuildFile; fileRef = 0FEB30BA2C5AC80C004B6282 /* FavoriteButton.swift */; };
		0FEB30C32C5ADA3E004B6282 /* HexagonParameters.swift in Sources */ = {isa = PBXBuildFile; fileRef = 0FEB30C22C5ADA3E004B6282 /* HexagonParameters.swift */; };
		0FEB30C52C5ADC88004B6282 /* BadgeBackground.swift in Sources */ = {isa = PBXBuildFile; fileRef = 0FEB30C42C5ADC88004B6282 /* BadgeBackground.swift */; };
		0FEB30C72C5AE1E7004B6282 /* BadgeSymbol.swift in Sources */ = {isa = PBXBuildFile; fileRef = 0FEB30C62C5AE1E7004B6282 /* BadgeSymbol.swift */; };
		0FEB30C92C5AE33B004B6282 /* RotatedBadgeSymbol.swift in Sources */ = {isa = PBXBuildFile; fileRef = 0FEB30C82C5AE33B004B6282 /* RotatedBadgeSymbol.swift */; };
		0FEB30CB2C5AE3D6004B6282 /* Badge.swift in Sources */ = {isa = PBXBuildFile; fileRef = 0FEB30CA2C5AE3D6004B6282 /* Badge.swift */; };
		0FEB30CE2C5C015A004B6282 /* LandmarkRow.swift in Sources */ = {isa = PBXBuildFile; fileRef = 0FEB30CD2C5C015A004B6282 /* LandmarkRow.swift */; };
		0FEB30D02C5C0FDC004B6282 /* hikeData.json in Resources */ = {isa = PBXBuildFile; fileRef = 0FEB30CF2C5C0FDC004B6282 /* hikeData.json */; };
		0FEB30D22C5C106D004B6282 /* Hike.swift in Sources */ = {isa = PBXBuildFile; fileRef = 0FEB30D12C5C106D004B6282 /* Hike.swift */; };
		0FEB30D82C5C1179004B6282 /* GraphCapsule.swift in Sources */ = {isa = PBXBuildFile; fileRef = 0FEB30D32C5C1179004B6282 /* GraphCapsule.swift */; };
		0FEB30D92C5C1179004B6282 /* HikeDetail.swift in Sources */ = {isa = PBXBuildFile; fileRef = 0FEB30D42C5C1179004B6282 /* HikeDetail.swift */; };
		0FEB30DA2C5C1179004B6282 /* HikeGraph.swift in Sources */ = {isa = PBXBuildFile; fileRef = 0FEB30D52C5C1179004B6282 /* HikeGraph.swift */; };
		0FEB30DB2C5C1179004B6282 /* HikeView.swift in Sources */ = {isa = PBXBuildFile; fileRef = 0FEB30D62C5C1179004B6282 /* HikeView.swift */; };
		0FEB30DE2C5C2473004B6282 /* CategoryHome.swift in Sources */ = {isa = PBXBuildFile; fileRef = 0FEB30DD2C5C2473004B6282 /* CategoryHome.swift */; };
		0FEB30E02C5C2C66004B6282 /* CategoryRow.swift in Sources */ = {isa = PBXBuildFile; fileRef = 0FEB30DF2C5C2C66004B6282 /* CategoryRow.swift */; };
		0FEB30E22C5C3034004B6282 /* CategoryItem.swift in Sources */ = {isa = PBXBuildFile; fileRef = 0FEB30E12C5C3034004B6282 /* CategoryItem.swift */; };
		0FEB30E62C5D2E83004B6282 /* Profile.swift in Sources */ = {isa = PBXBuildFile; fileRef = 0FEB30E52C5D2E83004B6282 /* Profile.swift */; };
		0FEB30E92C5D2F53004B6282 /* ProfileHost.swift in Sources */ = {isa = PBXBuildFile; fileRef = 0FEB30E82C5D2F53004B6282 /* ProfileHost.swift */; };
		0FEB30EB2C5D30DB004B6282 /* ProfileSummary.swift in Sources */ = {isa = PBXBuildFile; fileRef = 0FEB30EA2C5D30DB004B6282 /* ProfileSummary.swift */; };
		0FEB30ED2C5D3AF5004B6282 /* HikeBadge.swift in Sources */ = {isa = PBXBuildFile; fileRef = 0FEB30EC2C5D3AF5004B6282 /* HikeBadge.swift */; };
		0FEB30EF2C5D52DD004B6282 /* ProfileEditor.swift in Sources */ = {isa = PBXBuildFile; fileRef = 0FEB30EE2C5D52DD004B6282 /* ProfileEditor.swift */; };
		0FEB30F22C5D6944004B6282 /* PageViewController.swift in Sources */ = {isa = PBXBuildFile; fileRef = 0FEB30F12C5D6944004B6282 /* PageViewController.swift */; };
		0FEB30FA2C5D8E1B004B6282 /* PageView.swift in Sources */ = {isa = PBXBuildFile; fileRef = 0FEB30F92C5D8E1B004B6282 /* PageView.swift */; };
		0FEB30FC2C5E9AF1004B6282 /* FeatureCard.swift in Sources */ = {isa = PBXBuildFile; fileRef = 0FEB30FB2C5E9AF1004B6282 /* FeatureCard.swift */; };
		0FEB30FE2C5ECD9D004B6282 /* PageControl.swift in Sources */ = {isa = PBXBuildFile; fileRef = 0FEB30FD2C5ECD9D004B6282 /* PageControl.swift */; };
/* End PBXBuildFile section */

/* Begin PBXContainerItemProxy section */
		0F76DE3F2C5FE46A00D2C46D /* PBXContainerItemProxy */ = {
			isa = PBXContainerItemProxy;
			containerPortal = 0FEB308A2C594059004B6282 /* Project object */;
			proxyType = 1;
			remoteGlobalIDString = 0F76DE332C5FE46A00D2C46D;
			remoteInfo = "WatchLandmarks Watch App";
		};
/* End PBXContainerItemProxy section */

/* Begin PBXCopyFilesBuildPhase section */
		0F76DE422C5FE46A00D2C46D /* Embed Watch Content */ = {
			isa = PBXCopyFilesBuildPhase;
			buildActionMask = 2147483647;
			dstPath = "$(CONTENTS_FOLDER_PATH)/Watch";
			dstSubfolderSpec = 16;
			files = (
				0F76DE412C5FE46A00D2C46D /* WatchLandmarks Watch App.app in Embed Watch Content */,
			);
			name = "Embed Watch Content";
			runOnlyForDeploymentPostprocessing = 0;
		};
/* End PBXCopyFilesBuildPhase section */

/* Begin PBXFileReference section */
		0F6675B02C60283000B2BA76 /* MacLandmarks.app */ = {isa = PBXFileReference; explicitFileType = wrapper.application; includeInIndex = 0; path = MacLandmarks.app; sourceTree = BUILT_PRODUCTS_DIR; };
		0F6675B42C60283000B2BA76 /* ContentView.swift */ = {isa = PBXFileReference; lastKnownFileType = sourcecode.swift; path = ContentView.swift; sourceTree = "<group>"; };
		0F6675B62C60283100B2BA76 /* Assets.xcassets */ = {isa = PBXFileReference; lastKnownFileType = folder.assetcatalog; path = Assets.xcassets; sourceTree = "<group>"; };
		0F6675B92C60283100B2BA76 /* Preview Assets.xcassets */ = {isa = PBXFileReference; lastKnownFileType = folder.assetcatalog; path = "Preview Assets.xcassets"; sourceTree = "<group>"; };
		0F6675BB2C60283100B2BA76 /* MacLandmarks.entitlements */ = {isa = PBXFileReference; lastKnownFileType = text.plist.entitlements; path = MacLandmarks.entitlements; sourceTree = "<group>"; };
		0F6675CC2C602C2500B2BA76 /* LandmarkDetail.swift */ = {isa = PBXFileReference; lastKnownFileType = sourcecode.swift; path = LandmarkDetail.swift; sourceTree = "<group>"; };
		0F6675CE2C60333000B2BA76 /* LandmarkList.swift */ = {isa = PBXFileReference; lastKnownFileType = sourcecode.swift; path = LandmarkList.swift; sourceTree = "<group>"; };
		0F6675D02C61412C00B2BA76 /* LandmarkCommands.swift */ = {isa = PBXFileReference; lastKnownFileType = sourcecode.swift; path = LandmarkCommands.swift; sourceTree = "<group>"; };
		0F6675D32C6153EA00B2BA76 /* LandmarkSettings.swift */ = {isa = PBXFileReference; lastKnownFileType = sourcecode.swift; name = LandmarkSettings.swift; path = Landmarks/Views/LandmarkSettings.swift; sourceTree = SOURCE_ROOT; };
		0F76DE342C5FE46A00D2C46D /* WatchLandmarks Watch App.app */ = {isa = PBXFileReference; explicitFileType = wrapper.application; includeInIndex = 0; path = "WatchLandmarks Watch App.app"; sourceTree = BUILT_PRODUCTS_DIR; };
		0F76DE382C5FE46A00D2C46D /* ContentView.swift */ = {isa = PBXFileReference; lastKnownFileType = sourcecode.swift; path = ContentView.swift; sourceTree = "<group>"; };
		0F76DE3A2C5FE46A00D2C46D /* Assets.xcassets */ = {isa = PBXFileReference; lastKnownFileType = folder.assetcatalog; path = Assets.xcassets; sourceTree = "<group>"; };
		0F76DE3D2C5FE46A00D2C46D /* Preview Assets.xcassets */ = {isa = PBXFileReference; lastKnownFileType = folder.assetcatalog; path = "Preview Assets.xcassets"; sourceTree = "<group>"; };
		0F76DE522C5FF2A300D2C46D /* LandmarkDetail.swift */ = {isa = PBXFileReference; lastKnownFileType = sourcecode.swift; path = LandmarkDetail.swift; sourceTree = "<group>"; };
		0F76DE542C60017300D2C46D /* NotificationView.swift */ = {isa = PBXFileReference; lastKnownFileType = sourcecode.swift; path = NotificationView.swift; sourceTree = "<group>"; };
		0F76DE562C6002A700D2C46D /* NotificationController.swift */ = {isa = PBXFileReference; lastKnownFileType = sourcecode.swift; path = NotificationController.swift; sourceTree = "<group>"; };
		0F76DE582C60081100D2C46D /* PushNotificationPayload.apns */ = {isa = PBXFileReference; lastKnownFileType = text; path = PushNotificationPayload.apns; sourceTree = "<group>"; };
		0FEB30922C594059004B6282 /* Landmarks.app */ = {isa = PBXFileReference; explicitFileType = wrapper.application; includeInIndex = 0; path = Landmarks.app; sourceTree = BUILT_PRODUCTS_DIR; };
		0FEB30952C594059004B6282 /* LandmarksApp.swift */ = {isa = PBXFileReference; lastKnownFileType = sourcecode.swift; path = LandmarksApp.swift; sourceTree = "<group>"; };
		0FEB30972C594059004B6282 /* ContentView.swift */ = {isa = PBXFileReference; lastKnownFileType = sourcecode.swift; path = ContentView.swift; sourceTree = "<group>"; };
		0FEB30992C59405A004B6282 /* Assets.xcassets */ = {isa = PBXFileReference; lastKnownFileType = folder.assetcatalog; path = Assets.xcassets; sourceTree = "<group>"; };
		0FEB309C2C59405A004B6282 /* Preview Assets.xcassets */ = {isa = PBXFileReference; lastKnownFileType = folder.assetcatalog; path = "Preview Assets.xcassets"; sourceTree = "<group>"; };
		0FEB30A52C595979004B6282 /* CircleImage.swift */ = {isa = PBXFileReference; lastKnownFileType = sourcecode.swift; path = CircleImage.swift; sourceTree = "<group>"; };
		0FEB30A72C595C6E004B6282 /* MapView.swift */ = {isa = PBXFileReference; lastKnownFileType = sourcecode.swift; path = MapView.swift; sourceTree = "<group>"; };
		0FEB30A92C5962B5004B6282 /* Readme.md */ = {isa = PBXFileReference; lastKnownFileType = net.daringfireball.markdown; path = Readme.md; sourceTree = "<group>"; };
		0FEB30AB2C59640B004B6282 /* landmarkData.json */ = {isa = PBXFileReference; fileEncoding = 4; lastKnownFileType = text.json; path = landmarkData.json; sourceTree = "<group>"; };
		0FEB30AD2C59683D004B6282 /* Landmark.swift */ = {isa = PBXFileReference; lastKnownFileType = sourcecode.swift; path = Landmark.swift; sourceTree = "<group>"; };
		0FEB30AF2C596AD5004B6282 /* ModelData.swift */ = {isa = PBXFileReference; lastKnownFileType = sourcecode.swift; path = ModelData.swift; sourceTree = "<group>"; };
		0FEB30B62C597237004B6282 /* LandmarkList.swift */ = {isa = PBXFileReference; lastKnownFileType = sourcecode.swift; path = LandmarkList.swift; sourceTree = "<group>"; };
		0FEB30B82C5976A9004B6282 /* LandmarkDetail.swift */ = {isa = PBXFileReference; lastKnownFileType = sourcecode.swift; path = LandmarkDetail.swift; sourceTree = "<group>"; };
		0FEB30BA2C5AC80C004B6282 /* FavoriteButton.swift */ = {isa = PBXFileReference; lastKnownFileType = sourcecode.swift; path = FavoriteButton.swift; sourceTree = "<group>"; };
		0FEB30C22C5ADA3E004B6282 /* HexagonParameters.swift */ = {isa = PBXFileReference; lastKnownFileType = sourcecode.swift; path = HexagonParameters.swift; sourceTree = "<group>"; };
		0FEB30C42C5ADC88004B6282 /* BadgeBackground.swift */ = {isa = PBXFileReference; lastKnownFileType = sourcecode.swift; path = BadgeBackground.swift; sourceTree = "<group>"; };
		0FEB30C62C5AE1E7004B6282 /* BadgeSymbol.swift */ = {isa = PBXFileReference; lastKnownFileType = sourcecode.swift; path = BadgeSymbol.swift; sourceTree = "<group>"; };
		0FEB30C82C5AE33B004B6282 /* RotatedBadgeSymbol.swift */ = {isa = PBXFileReference; lastKnownFileType = sourcecode.swift; path = RotatedBadgeSymbol.swift; sourceTree = "<group>"; };
		0FEB30CA2C5AE3D6004B6282 /* Badge.swift */ = {isa = PBXFileReference; lastKnownFileType = sourcecode.swift; path = Badge.swift; sourceTree = "<group>"; };
		0FEB30CD2C5C015A004B6282 /* LandmarkRow.swift */ = {isa = PBXFileReference; fileEncoding = 4; lastKnownFileType = sourcecode.swift; path = LandmarkRow.swift; sourceTree = "<group>"; };
		0FEB30CF2C5C0FDC004B6282 /* hikeData.json */ = {isa = PBXFileReference; fileEncoding = 4; lastKnownFileType = text.json; path = hikeData.json; sourceTree = "<group>"; };
		0FEB30D12C5C106D004B6282 /* Hike.swift */ = {isa = PBXFileReference; lastKnownFileType = sourcecode.swift; path = Hike.swift; sourceTree = "<group>"; };
		0FEB30D32C5C1179004B6282 /* GraphCapsule.swift */ = {isa = PBXFileReference; fileEncoding = 4; lastKnownFileType = sourcecode.swift; path = GraphCapsule.swift; sourceTree = "<group>"; };
		0FEB30D42C5C1179004B6282 /* HikeDetail.swift */ = {isa = PBXFileReference; fileEncoding = 4; lastKnownFileType = sourcecode.swift; path = HikeDetail.swift; sourceTree = "<group>"; };
		0FEB30D52C5C1179004B6282 /* HikeGraph.swift */ = {isa = PBXFileReference; fileEncoding = 4; lastKnownFileType = sourcecode.swift; path = HikeGraph.swift; sourceTree = "<group>"; };
		0FEB30D62C5C1179004B6282 /* HikeView.swift */ = {isa = PBXFileReference; fileEncoding = 4; lastKnownFileType = sourcecode.swift; path = HikeView.swift; sourceTree = "<group>"; };
		0FEB30DD2C5C2473004B6282 /* CategoryHome.swift */ = {isa = PBXFileReference; lastKnownFileType = sourcecode.swift; path = CategoryHome.swift; sourceTree = "<group>"; };
		0FEB30DF2C5C2C66004B6282 /* CategoryRow.swift */ = {isa = PBXFileReference; lastKnownFileType = sourcecode.swift; path = CategoryRow.swift; sourceTree = "<group>"; };
		0FEB30E12C5C3034004B6282 /* CategoryItem.swift */ = {isa = PBXFileReference; lastKnownFileType = sourcecode.swift; path = CategoryItem.swift; sourceTree = "<group>"; };
		0FEB30E52C5D2E83004B6282 /* Profile.swift */ = {isa = PBXFileReference; lastKnownFileType = sourcecode.swift; path = Profile.swift; sourceTree = "<group>"; };
		0FEB30E82C5D2F53004B6282 /* ProfileHost.swift */ = {isa = PBXFileReference; lastKnownFileType = sourcecode.swift; path = ProfileHost.swift; sourceTree = "<group>"; };
		0FEB30EA2C5D30DB004B6282 /* ProfileSummary.swift */ = {isa = PBXFileReference; lastKnownFileType = sourcecode.swift; path = ProfileSummary.swift; sourceTree = "<group>"; };
		0FEB30EC2C5D3AF5004B6282 /* HikeBadge.swift */ = {isa = PBXFileReference; lastKnownFileType = sourcecode.swift; path = HikeBadge.swift; sourceTree = "<group>"; };
		0FEB30EE2C5D52DD004B6282 /* ProfileEditor.swift */ = {isa = PBXFileReference; lastKnownFileType = sourcecode.swift; path = ProfileEditor.swift; sourceTree = "<group>"; };
		0FEB30F12C5D6944004B6282 /* PageViewController.swift */ = {isa = PBXFileReference; lastKnownFileType = sourcecode.swift; path = PageViewController.swift; sourceTree = "<group>"; };
		0FEB30F92C5D8E1B004B6282 /* PageView.swift */ = {isa = PBXFileReference; lastKnownFileType = sourcecode.swift; path = PageView.swift; sourceTree = "<group>"; };
		0FEB30FB2C5E9AF1004B6282 /* FeatureCard.swift */ = {isa = PBXFileReference; lastKnownFileType = sourcecode.swift; path = FeatureCard.swift; sourceTree = "<group>"; };
		0FEB30FD2C5ECD9D004B6282 /* PageControl.swift */ = {isa = PBXFileReference; lastKnownFileType = sourcecode.swift; path = PageControl.swift; sourceTree = "<group>"; };
/* End PBXFileReference section */

/* Begin PBXFrameworksBuildPhase section */
		0F6675AD2C60283000B2BA76 /* Frameworks */ = {
			isa = PBXFrameworksBuildPhase;
			buildActionMask = 2147483647;
			files = (
			);
			runOnlyForDeploymentPostprocessing = 0;
		};
		0F76DE312C5FE46A00D2C46D /* Frameworks */ = {
			isa = PBXFrameworksBuildPhase;
			buildActionMask = 2147483647;
			files = (
			);
			runOnlyForDeploymentPostprocessing = 0;
		};
		0FEB308F2C594059004B6282 /* Frameworks */ = {
			isa = PBXFrameworksBuildPhase;
			buildActionMask = 2147483647;
			files = (
			);
			runOnlyForDeploymentPostprocessing = 0;
		};
/* End PBXFrameworksBuildPhase section */

/* Begin PBXGroup section */
		0F6675B12C60283000B2BA76 /* MacLandmarks */ = {
			isa = PBXGroup;
			children = (
				0F6675B42C60283000B2BA76 /* ContentView.swift */,
				0F6675B62C60283100B2BA76 /* Assets.xcassets */,
				0F6675BB2C60283100B2BA76 /* MacLandmarks.entitlements */,
				0F6675B82C60283100B2BA76 /* Preview Content */,
				0F6675CC2C602C2500B2BA76 /* LandmarkDetail.swift */,
				0F6675D02C61412C00B2BA76 /* LandmarkCommands.swift */,
			);
			path = MacLandmarks;
			sourceTree = "<group>";
		};
		0F6675B82C60283100B2BA76 /* Preview Content */ = {
			isa = PBXGroup;
			children = (
				0F6675B92C60283100B2BA76 /* Preview Assets.xcassets */,
			);
			path = "Preview Content";
			sourceTree = "<group>";
		};
		0F76DE352C5FE46A00D2C46D /* WatchLandmarks Watch App */ = {
			isa = PBXGroup;
			children = (
				0F76DE382C5FE46A00D2C46D /* ContentView.swift */,
				0F76DE582C60081100D2C46D /* PushNotificationPayload.apns */,
				0F76DE3A2C5FE46A00D2C46D /* Assets.xcassets */,
				0F76DE3C2C5FE46A00D2C46D /* Preview Content */,
				0F76DE522C5FF2A300D2C46D /* LandmarkDetail.swift */,
				0F76DE542C60017300D2C46D /* NotificationView.swift */,
				0F76DE562C6002A700D2C46D /* NotificationController.swift */,
				0F6675CE2C60333000B2BA76 /* LandmarkList.swift */,
			);
			path = "WatchLandmarks Watch App";
			sourceTree = "<group>";
		};
		0F76DE3C2C5FE46A00D2C46D /* Preview Content */ = {
			isa = PBXGroup;
			children = (
				0F76DE3D2C5FE46A00D2C46D /* Preview Assets.xcassets */,
			);
			path = "Preview Content";
			sourceTree = "<group>";
		};
		0FEB30892C594059004B6282 = {
			isa = PBXGroup;
			children = (
				0FEB30942C594059004B6282 /* Landmarks */,
				0F76DE352C5FE46A00D2C46D /* WatchLandmarks Watch App */,
				0F6675B12C60283000B2BA76 /* MacLandmarks */,
				0FEB30932C594059004B6282 /* Products */,
			);
			sourceTree = "<group>";
		};
		0FEB30932C594059004B6282 /* Products */ = {
			isa = PBXGroup;
			children = (
				0FEB30922C594059004B6282 /* Landmarks.app */,
				0F76DE342C5FE46A00D2C46D /* WatchLandmarks Watch App.app */,
				0F6675B02C60283000B2BA76 /* MacLandmarks.app */,
			);
			name = Products;
			sourceTree = "<group>";
		};
		0FEB30942C594059004B6282 /* Landmarks */ = {
			isa = PBXGroup;
			children = (
				0FEB30952C594059004B6282 /* LandmarksApp.swift */,
				0FEB30B12C596C16004B6282 /* Views */,
				0FEB30A92C5962B5004B6282 /* Readme.md */,
				0FEB30992C59405A004B6282 /* Assets.xcassets */,
				0FEB30B32C596C55004B6282 /* Model */,
				0FEB30B22C596C32004B6282 /* Resources */,
				0FEB309B2C59405A004B6282 /* Preview Content */,
			);
			path = Landmarks;
			sourceTree = "<group>";
		};
		0FEB309B2C59405A004B6282 /* Preview Content */ = {
			isa = PBXGroup;
			children = (
				0FEB309C2C59405A004B6282 /* Preview Assets.xcassets */,
			);
			path = "Preview Content";
			sourceTree = "<group>";
		};
		0FEB30B12C596C16004B6282 /* Views */ = {
			isa = PBXGroup;
			children = (
				0FEB30F02C5D68FF004B6282 /* PageView */,
				0FEB30E72C5D2EE1004B6282 /* Profiles */,
				0FEB30DC2C5C242F004B6282 /* Categories */,
				0FEB30D72C5C1179004B6282 /* Hikes */,
				0FEB30CC2C5AE5AF004B6282 /* Badge */,
				0FEB30BD2C5ACA74004B6282 /* Landmarks */,
				0FEB30BC2C5ACA47004B6282 /* Helpers */,
				0FEB30972C594059004B6282 /* ContentView.swift */,
			);
			path = Views;
			sourceTree = "<group>";
		};
		0FEB30B22C596C32004B6282 /* Resources */ = {
			isa = PBXGroup;
			children = (
				0FEB30CF2C5C0FDC004B6282 /* hikeData.json */,
				0FEB30AB2C59640B004B6282 /* landmarkData.json */,
			);
			path = Resources;
			sourceTree = "<group>";
		};
		0FEB30B32C596C55004B6282 /* Model */ = {
			isa = PBXGroup;
			children = (
				0FEB30D12C5C106D004B6282 /* Hike.swift */,
				0FEB30AD2C59683D004B6282 /* Landmark.swift */,
				0FEB30AF2C596AD5004B6282 /* ModelData.swift */,
				0FEB30E52C5D2E83004B6282 /* Profile.swift */,
			);
			path = Model;
			sourceTree = "<group>";
		};
		0FEB30BC2C5ACA47004B6282 /* Helpers */ = {
			isa = PBXGroup;
			children = (
				0FEB30BA2C5AC80C004B6282 /* FavoriteButton.swift */,
				0FEB30A52C595979004B6282 /* CircleImage.swift */,
				0FEB30A72C595C6E004B6282 /* MapView.swift */,
				0F6675D32C6153EA00B2BA76 /* LandmarkSettings.swift */,
			);
			path = Helpers;
			sourceTree = "<group>";
		};
		0FEB30BD2C5ACA74004B6282 /* Landmarks */ = {
			isa = PBXGroup;
			children = (
				0FEB30CD2C5C015A004B6282 /* LandmarkRow.swift */,
				0FEB30B62C597237004B6282 /* LandmarkList.swift */,
				0FEB30B82C5976A9004B6282 /* LandmarkDetail.swift */,
			);
			path = Landmarks;
			sourceTree = "<group>";
		};
		0FEB30CC2C5AE5AF004B6282 /* Badge */ = {
			isa = PBXGroup;
			children = (
				0FEB30C22C5ADA3E004B6282 /* HexagonParameters.swift */,
				0FEB30C42C5ADC88004B6282 /* BadgeBackground.swift */,
				0FEB30C62C5AE1E7004B6282 /* BadgeSymbol.swift */,
				0FEB30C82C5AE33B004B6282 /* RotatedBadgeSymbol.swift */,
				0FEB30CA2C5AE3D6004B6282 /* Badge.swift */,
			);
			path = Badge;
			sourceTree = "<group>";
		};
		0FEB30D72C5C1179004B6282 /* Hikes */ = {
			isa = PBXGroup;
			children = (
				0FEB30D32C5C1179004B6282 /* GraphCapsule.swift */,
				0FEB30D42C5C1179004B6282 /* HikeDetail.swift */,
				0FEB30D52C5C1179004B6282 /* HikeGraph.swift */,
				0FEB30D62C5C1179004B6282 /* HikeView.swift */,
				0FEB30EC2C5D3AF5004B6282 /* HikeBadge.swift */,
			);
			path = Hikes;
			sourceTree = "<group>";
		};
		0FEB30DC2C5C242F004B6282 /* Categories */ = {
			isa = PBXGroup;
			children = (
				0FEB30DD2C5C2473004B6282 /* CategoryHome.swift */,
				0FEB30DF2C5C2C66004B6282 /* CategoryRow.swift */,
				0FEB30E12C5C3034004B6282 /* CategoryItem.swift */,
			);
			path = Categories;
			sourceTree = "<group>";
		};
		0FEB30E72C5D2EE1004B6282 /* Profiles */ = {
			isa = PBXGroup;
			children = (
				0FEB30E82C5D2F53004B6282 /* ProfileHost.swift */,
				0FEB30EA2C5D30DB004B6282 /* ProfileSummary.swift */,
				0FEB30EE2C5D52DD004B6282 /* ProfileEditor.swift */,
			);
			path = Profiles;
			sourceTree = "<group>";
		};
		0FEB30F02C5D68FF004B6282 /* PageView */ = {
			isa = PBXGroup;
			children = (
				0FEB30F92C5D8E1B004B6282 /* PageView.swift */,
				0FEB30FD2C5ECD9D004B6282 /* PageControl.swift */,
				0FEB30F12C5D6944004B6282 /* PageViewController.swift */,
				0FEB30FB2C5E9AF1004B6282 /* FeatureCard.swift */,
			);
			path = PageView;
			sourceTree = "<group>";
		};
/* End PBXGroup section */

/* Begin PBXNativeTarget section */
		0F6675AF2C60283000B2BA76 /* MacLandmarks */ = {
			isa = PBXNativeTarget;
			buildConfigurationList = 0F6675BE2C60283100B2BA76 /* Build configuration list for PBXNativeTarget "MacLandmarks" */;
			buildPhases = (
				0F6675AC2C60283000B2BA76 /* Sources */,
				0F6675AD2C60283000B2BA76 /* Frameworks */,
				0F6675AE2C60283000B2BA76 /* Resources */,
			);
			buildRules = (
			);
			dependencies = (
			);
			name = MacLandmarks;
			productName = MacLandmarks;
			productReference = 0F6675B02C60283000B2BA76 /* MacLandmarks.app */;
			productType = "com.apple.product-type.application";
		};
		0F76DE332C5FE46A00D2C46D /* WatchLandmarks Watch App */ = {
			isa = PBXNativeTarget;
			buildConfigurationList = 0F76DE452C5FE46A00D2C46D /* Build configuration list for PBXNativeTarget "WatchLandmarks Watch App" */;
			buildPhases = (
				0F76DE302C5FE46A00D2C46D /* Sources */,
				0F76DE312C5FE46A00D2C46D /* Frameworks */,
				0F76DE322C5FE46A00D2C46D /* Resources */,
			);
			buildRules = (
			);
			dependencies = (
			);
			name = "WatchLandmarks Watch App";
			productName = "WatchLandmarks Watch App";
			productReference = 0F76DE342C5FE46A00D2C46D /* WatchLandmarks Watch App.app */;
			productType = "com.apple.product-type.application";
		};
		0FEB30912C594059004B6282 /* Landmarks */ = {
			isa = PBXNativeTarget;
			buildConfigurationList = 0FEB30A02C59405A004B6282 /* Build configuration list for PBXNativeTarget "Landmarks" */;
			buildPhases = (
				0FEB308E2C594059004B6282 /* Sources */,
				0FEB308F2C594059004B6282 /* Frameworks */,
				0FEB30902C594059004B6282 /* Resources */,
				0F76DE422C5FE46A00D2C46D /* Embed Watch Content */,
			);
			buildRules = (
			);
			dependencies = (
				0F76DE402C5FE46A00D2C46D /* PBXTargetDependency */,
			);
			name = Landmarks;
			productName = Landmarks;
			productReference = 0FEB30922C594059004B6282 /* Landmarks.app */;
			productType = "com.apple.product-type.application";
		};
/* End PBXNativeTarget section */

/* Begin PBXProject section */
		0FEB308A2C594059004B6282 /* Project object */ = {
			isa = PBXProject;
			attributes = {
				BuildIndependentTargetsInParallel = 1;
				LastSwiftUpdateCheck = 1540;
				LastUpgradeCheck = 1540;
				TargetAttributes = {
					0F6675AF2C60283000B2BA76 = {
						CreatedOnToolsVersion = 15.4;
					};
					0F76DE332C5FE46A00D2C46D = {
						CreatedOnToolsVersion = 15.4;
					};
					0FEB30912C594059004B6282 = {
						CreatedOnToolsVersion = 15.4;
					};
				};
			};
			buildConfigurationList = 0FEB308D2C594059004B6282 /* Build configuration list for PBXProject "Landmarks" */;
			compatibilityVersion = "Xcode 14.0";
			developmentRegion = en;
			hasScannedForEncodings = 0;
			knownRegions = (
				en,
				Base,
			);
			mainGroup = 0FEB30892C594059004B6282;
			productRefGroup = 0FEB30932C594059004B6282 /* Products */;
			projectDirPath = "";
			projectRoot = "";
			targets = (
				0FEB30912C594059004B6282 /* Landmarks */,
				0F76DE332C5FE46A00D2C46D /* WatchLandmarks Watch App */,
				0F6675AF2C60283000B2BA76 /* MacLandmarks */,
			);
		};
/* End PBXProject section */

/* Begin PBXResourcesBuildPhase section */
		0F6675AE2C60283000B2BA76 /* Resources */ = {
			isa = PBXResourcesBuildPhase;
			buildActionMask = 2147483647;
			files = (
				0F6675BF2C602A9500B2BA76 /* hikeData.json in Resources */,
				0F6675C02C602A9500B2BA76 /* Assets.xcassets in Resources */,
				0F6675C12C602A9500B2BA76 /* landmarkData.json in Resources */,
				0F6675BA2C60283100B2BA76 /* Preview Assets.xcassets in Resources */,
				0F6675B72C60283100B2BA76 /* Assets.xcassets in Resources */,
			);
			runOnlyForDeploymentPostprocessing = 0;
		};
		0F76DE322C5FE46A00D2C46D /* Resources */ = {
			isa = PBXResourcesBuildPhase;
			buildActionMask = 2147483647;
			files = (
				0F76DE3E2C5FE46A00D2C46D /* Preview Assets.xcassets in Resources */,
				0F76DE462C5FF03C00D2C46D /* hikeData.json in Resources */,
				0F76DE472C5FF03C00D2C46D /* landmarkData.json in Resources */,
				0F76DE482C5FF03C00D2C46D /* Assets.xcassets in Resources */,
				0F76DE3B2C5FE46A00D2C46D /* Assets.xcassets in Resources */,
			);
			runOnlyForDeploymentPostprocessing = 0;
		};
		0FEB30902C594059004B6282 /* Resources */ = {
			isa = PBXResourcesBuildPhase;
			buildActionMask = 2147483647;
			files = (
				0FEB309D2C59405A004B6282 /* Preview Assets.xcassets in Resources */,
				0FEB30AC2C59640B004B6282 /* landmarkData.json in Resources */,
				0FEB309A2C59405A004B6282 /* Assets.xcassets in Resources */,
				0FEB30AA2C5962B5004B6282 /* Readme.md in Resources */,
				0FEB30D02C5C0FDC004B6282 /* hikeData.json in Resources */,
			);
			runOnlyForDeploymentPostprocessing = 0;
		};
/* End PBXResourcesBuildPhase section */

/* Begin PBXSourcesBuildPhase section */
		0F6675AC2C60283000B2BA76 /* Sources */ = {
			isa = PBXSourcesBuildPhase;
			buildActionMask = 2147483647;
			files = (
				0F6675C22C602A9500B2BA76 /* MapView.swift in Sources */,
				0F6675C32C602A9500B2BA76 /* LandmarksApp.swift in Sources */,
				0F6675D42C6153EA00B2BA76 /* LandmarkSettings.swift in Sources */,
				0F6675C42C602A9500B2BA76 /* LandmarkList.swift in Sources */,
				0F6675C52C602A9500B2BA76 /* FavoriteButton.swift in Sources */,
				0F6675D22C61412C00B2BA76 /* LandmarkCommands.swift in Sources */,
				0F6675CD2C602C2500B2BA76 /* LandmarkDetail.swift in Sources */,
				0F6675C62C602A9500B2BA76 /* CircleImage.swift in Sources */,
				0F6675C72C602A9500B2BA76 /* Profile.swift in Sources */,
				0F6675C82C602A9500B2BA76 /* ModelData.swift in Sources */,
				0F6675C92C602A9500B2BA76 /* Hike.swift in Sources */,
				0F6675CA2C602A9500B2BA76 /* LandmarkRow.swift in Sources */,
				0F6675CB2C602A9500B2BA76 /* Landmark.swift in Sources */,
				0F6675B52C60283000B2BA76 /* ContentView.swift in Sources */,
			);
			runOnlyForDeploymentPostprocessing = 0;
		};
		0F76DE302C5FE46A00D2C46D /* Sources */ = {
			isa = PBXSourcesBuildPhase;
			buildActionMask = 2147483647;
			files = (
				0F76DE392C5FE46A00D2C46D /* ContentView.swift in Sources */,
				0F76DE492C5FF03C00D2C46D /* Hike.swift in Sources */,
				0F76DE4A2C5FF03C00D2C46D /* ModelData.swift in Sources */,
				0F6675CF2C60333000B2BA76 /* LandmarkList.swift in Sources */,
				0F76DE4C2C5FF03C00D2C46D /* LandmarkRow.swift in Sources */,
				0F76DE4D2C5FF03C00D2C46D /* LandmarksApp.swift in Sources */,
				0F76DE4E2C5FF03C00D2C46D /* MapView.swift in Sources */,
				0F76DE4F2C5FF03C00D2C46D /* Profile.swift in Sources */,
				0F76DE502C5FF03C00D2C46D /* CircleImage.swift in Sources */,
				0F76DE572C6002A700D2C46D /* NotificationController.swift in Sources */,
				0F76DE512C5FF03C00D2C46D /* Landmark.swift in Sources */,
				0F76DE532C5FF2A300D2C46D /* LandmarkDetail.swift in Sources */,
				0F76DE552C60017300D2C46D /* NotificationView.swift in Sources */,
			);
			runOnlyForDeploymentPostprocessing = 0;
		};
		0FEB308E2C594059004B6282 /* Sources */ = {
			isa = PBXSourcesBuildPhase;
			buildActionMask = 2147483647;
			files = (
				0FEB30E02C5C2C66004B6282 /* CategoryRow.swift in Sources */,
				0FEB30E62C5D2E83004B6282 /* Profile.swift in Sources */,
				0F6675D12C61412C00B2BA76 /* LandmarkCommands.swift in Sources */,
				0FEB30982C594059004B6282 /* ContentView.swift in Sources */,
				0FEB30DE2C5C2473004B6282 /* CategoryHome.swift in Sources */,
				0FEB30CB2C5AE3D6004B6282 /* Badge.swift in Sources */,
				0FEB30A82C595C6E004B6282 /* MapView.swift in Sources */,
				0FEB30D82C5C1179004B6282 /* GraphCapsule.swift in Sources */,
				0FEB30DA2C5C1179004B6282 /* HikeGraph.swift in Sources */,
				0FEB30962C594059004B6282 /* LandmarksApp.swift in Sources */,
				0FEB30BB2C5AC80C004B6282 /* FavoriteButton.swift in Sources */,
				0FEB30FE2C5ECD9D004B6282 /* PageControl.swift in Sources */,
				0FEB30FC2C5E9AF1004B6282 /* FeatureCard.swift in Sources */,
				0FEB30E22C5C3034004B6282 /* CategoryItem.swift in Sources */,
				0FEB30C32C5ADA3E004B6282 /* HexagonParameters.swift in Sources */,
				0FEB30EB2C5D30DB004B6282 /* ProfileSummary.swift in Sources */,
				0FEB30D22C5C106D004B6282 /* Hike.swift in Sources */,
				0FEB30E92C5D2F53004B6282 /* ProfileHost.swift in Sources */,
				0FEB30C92C5AE33B004B6282 /* RotatedBadgeSymbol.swift in Sources */,
				0FEB30C72C5AE1E7004B6282 /* BadgeSymbol.swift in Sources */,
				0FEB30FA2C5D8E1B004B6282 /* PageView.swift in Sources */,
				0FEB30CE2C5C015A004B6282 /* LandmarkRow.swift in Sources */,
				0FEB30EF2C5D52DD004B6282 /* ProfileEditor.swift in Sources */,
				0FEB30D92C5C1179004B6282 /* HikeDetail.swift in Sources */,
				0FEB30DB2C5C1179004B6282 /* HikeView.swift in Sources */,
				0FEB30B72C597237004B6282 /* LandmarkList.swift in Sources */,
				0FEB30F22C5D6944004B6282 /* PageViewController.swift in Sources */,
				0FEB30B92C5976A9004B6282 /* LandmarkDetail.swift in Sources */,
				0FEB30ED2C5D3AF5004B6282 /* HikeBadge.swift in Sources */,
				0FEB30C52C5ADC88004B6282 /* BadgeBackground.swift in Sources */,
				0FEB30A62C595979004B6282 /* CircleImage.swift in Sources */,
				0FEB30AE2C59683D004B6282 /* Landmark.swift in Sources */,
				0FEB30B02C596AD5004B6282 /* ModelData.swift in Sources */,
			);
			runOnlyForDeploymentPostprocessing = 0;
		};
/* End PBXSourcesBuildPhase section */

/* Begin PBXTargetDependency section */
		0F76DE402C5FE46A00D2C46D /* PBXTargetDependency */ = {
			isa = PBXTargetDependency;
			target = 0F76DE332C5FE46A00D2C46D /* WatchLandmarks Watch App */;
			targetProxy = 0F76DE3F2C5FE46A00D2C46D /* PBXContainerItemProxy */;
		};
/* End PBXTargetDependency section */

/* Begin XCBuildConfiguration section */
		0F6675BC2C60283100B2BA76 /* Debug */ = {
			isa = XCBuildConfiguration;
			buildSettings = {
				ASSETCATALOG_COMPILER_APPICON_NAME = AppIcon;
				ASSETCATALOG_COMPILER_GLOBAL_ACCENT_COLOR_NAME = AccentColor;
				CODE_SIGN_ENTITLEMENTS = MacLandmarks/MacLandmarks.entitlements;
				CODE_SIGN_STYLE = Automatic;
				COMBINE_HIDPI_IMAGES = YES;
				CURRENT_PROJECT_VERSION = 1;
				DEVELOPMENT_ASSET_PATHS = "\"MacLandmarks/Preview Content\"";
				ENABLE_PREVIEWS = YES;
				GENERATE_INFOPLIST_FILE = YES;
				INFOPLIST_KEY_NSHumanReadableCopyright = "";
				LD_RUNPATH_SEARCH_PATHS = (
					"$(inherited)",
					"@executable_path/../Frameworks",
				);
				MACOSX_DEPLOYMENT_TARGET = 14.5;
				MARKETING_VERSION = 1.0;
				PRODUCT_BUNDLE_IDENTIFIER = codesign.MacLandmarks;
				PRODUCT_NAME = "$(TARGET_NAME)";
				SDKROOT = macosx;
				SWIFT_EMIT_LOC_STRINGS = YES;
				SWIFT_VERSION = 5.0;
			};
			name = Debug;
		};
		0F6675BD2C60283100B2BA76 /* Release */ = {
			isa = XCBuildConfiguration;
			buildSettings = {
				ASSETCATALOG_COMPILER_APPICON_NAME = AppIcon;
				ASSETCATALOG_COMPILER_GLOBAL_ACCENT_COLOR_NAME = AccentColor;
				CODE_SIGN_ENTITLEMENTS = MacLandmarks/MacLandmarks.entitlements;
				CODE_SIGN_STYLE = Automatic;
				COMBINE_HIDPI_IMAGES = YES;
				CURRENT_PROJECT_VERSION = 1;
				DEVELOPMENT_ASSET_PATHS = "\"MacLandmarks/Preview Content\"";
				ENABLE_PREVIEWS = YES;
				GENERATE_INFOPLIST_FILE = YES;
				INFOPLIST_KEY_NSHumanReadableCopyright = "";
				LD_RUNPATH_SEARCH_PATHS = (
					"$(inherited)",
					"@executable_path/../Frameworks",
				);
				MACOSX_DEPLOYMENT_TARGET = 14.5;
				MARKETING_VERSION = 1.0;
				PRODUCT_BUNDLE_IDENTIFIER = codesign.MacLandmarks;
				PRODUCT_NAME = "$(TARGET_NAME)";
				SDKROOT = macosx;
				SWIFT_EMIT_LOC_STRINGS = YES;
				SWIFT_VERSION = 5.0;
			};
			name = Release;
		};
		0F76DE432C5FE46A00D2C46D /* Debug */ = {
			isa = XCBuildConfiguration;
			buildSettings = {
				ASSETCATALOG_COMPILER_APPICON_NAME = AppIcon;
				ASSETCATALOG_COMPILER_GLOBAL_ACCENT_COLOR_NAME = AccentColor;
				CODE_SIGN_STYLE = Automatic;
				CURRENT_PROJECT_VERSION = 1;
				DEVELOPMENT_ASSET_PATHS = "\"WatchLandmarks Watch App/Preview Content\"";
				DEVELOPMENT_TEAM = 2Y33XHX3WS;
				ENABLE_PREVIEWS = YES;
				GENERATE_INFOPLIST_FILE = YES;
				INFOPLIST_KEY_CFBundleDisplayName = WatchLandmarks;
				INFOPLIST_KEY_UISupportedInterfaceOrientations = "UIInterfaceOrientationPortrait UIInterfaceOrientationPortraitUpsideDown";
				INFOPLIST_KEY_WKCompanionAppBundleIdentifier = codesign.Landmarks;
				INFOPLIST_KEY_WKRunsIndependentlyOfCompanionApp = YES;
				LD_RUNPATH_SEARCH_PATHS = (
					"$(inherited)",
					"@executable_path/Frameworks",
				);
				MARKETING_VERSION = 1.0;
				PRODUCT_BUNDLE_IDENTIFIER = codesign.Landmarks.watchkitapp;
				PRODUCT_NAME = "$(TARGET_NAME)";
				SDKROOT = watchos;
				SKIP_INSTALL = YES;
				SWIFT_EMIT_LOC_STRINGS = YES;
				SWIFT_VERSION = 5.0;
				TARGETED_DEVICE_FAMILY = 4;
				WATCHOS_DEPLOYMENT_TARGET = 10.5;
			};
			name = Debug;
		};
		0F76DE442C5FE46A00D2C46D /* Release */ = {
			isa = XCBuildConfiguration;
			buildSettings = {
				ASSETCATALOG_COMPILER_APPICON_NAME = AppIcon;
				ASSETCATALOG_COMPILER_GLOBAL_ACCENT_COLOR_NAME = AccentColor;
				CODE_SIGN_STYLE = Automatic;
				CURRENT_PROJECT_VERSION = 1;
				DEVELOPMENT_ASSET_PATHS = "\"WatchLandmarks Watch App/Preview Content\"";
				DEVELOPMENT_TEAM = 2Y33XHX3WS;
				ENABLE_PREVIEWS = YES;
				GENERATE_INFOPLIST_FILE = YES;
				INFOPLIST_KEY_CFBundleDisplayName = WatchLandmarks;
				INFOPLIST_KEY_UISupportedInterfaceOrientations = "UIInterfaceOrientationPortrait UIInterfaceOrientationPortraitUpsideDown";
				INFOPLIST_KEY_WKCompanionAppBundleIdentifier = codesign.Landmarks;
				INFOPLIST_KEY_WKRunsIndependentlyOfCompanionApp = YES;
				LD_RUNPATH_SEARCH_PATHS = (
					"$(inherited)",
					"@executable_path/Frameworks",
				);
				MARKETING_VERSION = 1.0;
				PRODUCT_BUNDLE_IDENTIFIER = codesign.Landmarks.watchkitapp;
				PRODUCT_NAME = "$(TARGET_NAME)";
				SDKROOT = watchos;
				SKIP_INSTALL = YES;
				SWIFT_EMIT_LOC_STRINGS = YES;
				SWIFT_VERSION = 5.0;
				TARGETED_DEVICE_FAMILY = 4;
				WATCHOS_DEPLOYMENT_TARGET = 10.5;
			};
			name = Release;
		};
		0FEB309E2C59405A004B6282 /* Debug */ = {
			isa = XCBuildConfiguration;
			buildSettings = {
				ALWAYS_SEARCH_USER_PATHS = NO;
				ASSETCATALOG_COMPILER_GENERATE_SWIFT_ASSET_SYMBOL_EXTENSIONS = YES;
				CLANG_ANALYZER_NONNULL = YES;
				CLANG_ANALYZER_NUMBER_OBJECT_CONVERSION = YES_AGGRESSIVE;
				CLANG_CXX_LANGUAGE_STANDARD = "gnu++20";
				CLANG_ENABLE_MODULES = YES;
				CLANG_ENABLE_OBJC_ARC = YES;
				CLANG_ENABLE_OBJC_WEAK = YES;
				CLANG_WARN_BLOCK_CAPTURE_AUTORELEASING = YES;
				CLANG_WARN_BOOL_CONVERSION = YES;
				CLANG_WARN_COMMA = YES;
				CLANG_WARN_CONSTANT_CONVERSION = YES;
				CLANG_WARN_DEPRECATED_OBJC_IMPLEMENTATIONS = YES;
				CLANG_WARN_DIRECT_OBJC_ISA_USAGE = YES_ERROR;
				CLANG_WARN_DOCUMENTATION_COMMENTS = YES;
				CLANG_WARN_EMPTY_BODY = YES;
				CLANG_WARN_ENUM_CONVERSION = YES;
				CLANG_WARN_INFINITE_RECURSION = YES;
				CLANG_WARN_INT_CONVERSION = YES;
				CLANG_WARN_NON_LITERAL_NULL_CONVERSION = YES;
				CLANG_WARN_OBJC_IMPLICIT_RETAIN_SELF = YES;
				CLANG_WARN_OBJC_LITERAL_CONVERSION = YES;
				CLANG_WARN_OBJC_ROOT_CLASS = YES_ERROR;
				CLANG_WARN_QUOTED_INCLUDE_IN_FRAMEWORK_HEADER = YES;
				CLANG_WARN_RANGE_LOOP_ANALYSIS = YES;
				CLANG_WARN_STRICT_PROTOTYPES = YES;
				CLANG_WARN_SUSPICIOUS_MOVE = YES;
				CLANG_WARN_UNGUARDED_AVAILABILITY = YES_AGGRESSIVE;
				CLANG_WARN_UNREACHABLE_CODE = YES;
				CLANG_WARN__DUPLICATE_METHOD_MATCH = YES;
				COPY_PHASE_STRIP = NO;
				DEBUG_INFORMATION_FORMAT = dwarf;
				ENABLE_STRICT_OBJC_MSGSEND = YES;
				ENABLE_TESTABILITY = YES;
				ENABLE_USER_SCRIPT_SANDBOXING = YES;
				GCC_C_LANGUAGE_STANDARD = gnu17;
				GCC_DYNAMIC_NO_PIC = NO;
				GCC_NO_COMMON_BLOCKS = YES;
				GCC_OPTIMIZATION_LEVEL = 0;
				GCC_PREPROCESSOR_DEFINITIONS = (
					"DEBUG=1",
					"$(inherited)",
				);
				GCC_WARN_64_TO_32_BIT_CONVERSION = YES;
				GCC_WARN_ABOUT_RETURN_TYPE = YES_ERROR;
				GCC_WARN_UNDECLARED_SELECTOR = YES;
				GCC_WARN_UNINITIALIZED_AUTOS = YES_AGGRESSIVE;
				GCC_WARN_UNUSED_FUNCTION = YES;
				GCC_WARN_UNUSED_VARIABLE = YES;
				IPHONEOS_DEPLOYMENT_TARGET = 17.5;
				LOCALIZATION_PREFERS_STRING_CATALOGS = YES;
				MTL_ENABLE_DEBUG_INFO = INCLUDE_SOURCE;
				MTL_FAST_MATH = YES;
				ONLY_ACTIVE_ARCH = YES;
				SDKROOT = iphoneos;
				SWIFT_ACTIVE_COMPILATION_CONDITIONS = "DEBUG $(inherited)";
				SWIFT_OPTIMIZATION_LEVEL = "-Onone";
			};
			name = Debug;
		};
		0FEB309F2C59405A004B6282 /* Release */ = {
			isa = XCBuildConfiguration;
			buildSettings = {
				ALWAYS_SEARCH_USER_PATHS = NO;
				ASSETCATALOG_COMPILER_GENERATE_SWIFT_ASSET_SYMBOL_EXTENSIONS = YES;
				CLANG_ANALYZER_NONNULL = YES;
				CLANG_ANALYZER_NUMBER_OBJECT_CONVERSION = YES_AGGRESSIVE;
				CLANG_CXX_LANGUAGE_STANDARD = "gnu++20";
				CLANG_ENABLE_MODULES = YES;
				CLANG_ENABLE_OBJC_ARC = YES;
				CLANG_ENABLE_OBJC_WEAK = YES;
				CLANG_WARN_BLOCK_CAPTURE_AUTORELEASING = YES;
				CLANG_WARN_BOOL_CONVERSION = YES;
				CLANG_WARN_COMMA = YES;
				CLANG_WARN_CONSTANT_CONVERSION = YES;
				CLANG_WARN_DEPRECATED_OBJC_IMPLEMENTATIONS = YES;
				CLANG_WARN_DIRECT_OBJC_ISA_USAGE = YES_ERROR;
				CLANG_WARN_DOCUMENTATION_COMMENTS = YES;
				CLANG_WARN_EMPTY_BODY = YES;
				CLANG_WARN_ENUM_CONVERSION = YES;
				CLANG_WARN_INFINITE_RECURSION = YES;
				CLANG_WARN_INT_CONVERSION = YES;
				CLANG_WARN_NON_LITERAL_NULL_CONVERSION = YES;
				CLANG_WARN_OBJC_IMPLICIT_RETAIN_SELF = YES;
				CLANG_WARN_OBJC_LITERAL_CONVERSION = YES;
				CLANG_WARN_OBJC_ROOT_CLASS = YES_ERROR;
				CLANG_WARN_QUOTED_INCLUDE_IN_FRAMEWORK_HEADER = YES;
				CLANG_WARN_RANGE_LOOP_ANALYSIS = YES;
				CLANG_WARN_STRICT_PROTOTYPES = YES;
				CLANG_WARN_SUSPICIOUS_MOVE = YES;
				CLANG_WARN_UNGUARDED_AVAILABILITY = YES_AGGRESSIVE;
				CLANG_WARN_UNREACHABLE_CODE = YES;
				CLANG_WARN__DUPLICATE_METHOD_MATCH = YES;
				COPY_PHASE_STRIP = NO;
				DEBUG_INFORMATION_FORMAT = "dwarf-with-dsym";
				ENABLE_NS_ASSERTIONS = NO;
				ENABLE_STRICT_OBJC_MSGSEND = YES;
				ENABLE_USER_SCRIPT_SANDBOXING = YES;
				GCC_C_LANGUAGE_STANDARD = gnu17;
				GCC_NO_COMMON_BLOCKS = YES;
				GCC_WARN_64_TO_32_BIT_CONVERSION = YES;
				GCC_WARN_ABOUT_RETURN_TYPE = YES_ERROR;
				GCC_WARN_UNDECLARED_SELECTOR = YES;
				GCC_WARN_UNINITIALIZED_AUTOS = YES_AGGRESSIVE;
				GCC_WARN_UNUSED_FUNCTION = YES;
				GCC_WARN_UNUSED_VARIABLE = YES;
				IPHONEOS_DEPLOYMENT_TARGET = 17.5;
				LOCALIZATION_PREFERS_STRING_CATALOGS = YES;
				MTL_ENABLE_DEBUG_INFO = NO;
				MTL_FAST_MATH = YES;
				SDKROOT = iphoneos;
				SWIFT_COMPILATION_MODE = wholemodule;
				VALIDATE_PRODUCT = YES;
			};
			name = Release;
		};
		0FEB30A12C59405A004B6282 /* Debug */ = {
			isa = XCBuildConfiguration;
			buildSettings = {
				ALWAYS_EMBED_SWIFT_STANDARD_LIBRARIES = YES;
				ASSETCATALOG_COMPILER_APPICON_NAME = AppIcon;
				ASSETCATALOG_COMPILER_GLOBAL_ACCENT_COLOR_NAME = AccentColor;
				CODE_SIGN_STYLE = Automatic;
				CURRENT_PROJECT_VERSION = 1;
				DEVELOPMENT_ASSET_PATHS = "\"Landmarks/Preview Content\"";
				DEVELOPMENT_TEAM = 2Y33XHX3WS;
				ENABLE_PREVIEWS = YES;
				GENERATE_INFOPLIST_FILE = YES;
				INFOPLIST_KEY_UIApplicationSceneManifest_Generation = YES;
				INFOPLIST_KEY_UIApplicationSupportsIndirectInputEvents = YES;
				INFOPLIST_KEY_UILaunchScreen_Generation = YES;
				INFOPLIST_KEY_UISupportedInterfaceOrientations_iPad = "UIInterfaceOrientationPortrait UIInterfaceOrientationPortraitUpsideDown UIInterfaceOrientationLandscapeLeft UIInterfaceOrientationLandscapeRight";
				INFOPLIST_KEY_UISupportedInterfaceOrientations_iPhone = "UIInterfaceOrientationPortrait UIInterfaceOrientationLandscapeLeft UIInterfaceOrientationLandscapeRight";
				LD_RUNPATH_SEARCH_PATHS = (
					"$(inherited)",
					"@executable_path/Frameworks",
				);
				MARKETING_VERSION = 1.0;
				PRODUCT_BUNDLE_IDENTIFIER = codesign.Landmarks;
				PRODUCT_NAME = "$(TARGET_NAME)";
				SWIFT_EMIT_LOC_STRINGS = YES;
				SWIFT_VERSION = 5.0;
				TARGETED_DEVICE_FAMILY = "1,2";
			};
			name = Debug;
		};
		0FEB30A22C59405A004B6282 /* Release */ = {
			isa = XCBuildConfiguration;
			buildSettings = {
				ALWAYS_EMBED_SWIFT_STANDARD_LIBRARIES = YES;
				ASSETCATALOG_COMPILER_APPICON_NAME = AppIcon;
				ASSETCATALOG_COMPILER_GLOBAL_ACCENT_COLOR_NAME = AccentColor;
				CODE_SIGN_STYLE = Automatic;
				CURRENT_PROJECT_VERSION = 1;
				DEVELOPMENT_ASSET_PATHS = "\"Landmarks/Preview Content\"";
				DEVELOPMENT_TEAM = 2Y33XHX3WS;
				ENABLE_PREVIEWS = YES;
				GENERATE_INFOPLIST_FILE = YES;
				INFOPLIST_KEY_UIApplicationSceneManifest_Generation = YES;
				INFOPLIST_KEY_UIApplicationSupportsIndirectInputEvents = YES;
				INFOPLIST_KEY_UILaunchScreen_Generation = YES;
				INFOPLIST_KEY_UISupportedInterfaceOrientations_iPad = "UIInterfaceOrientationPortrait UIInterfaceOrientationPortraitUpsideDown UIInterfaceOrientationLandscapeLeft UIInterfaceOrientationLandscapeRight";
				INFOPLIST_KEY_UISupportedInterfaceOrientations_iPhone = "UIInterfaceOrientationPortrait UIInterfaceOrientationLandscapeLeft UIInterfaceOrientationLandscapeRight";
				LD_RUNPATH_SEARCH_PATHS = (
					"$(inherited)",
					"@executable_path/Frameworks",
				);
				MARKETING_VERSION = 1.0;
				PRODUCT_BUNDLE_IDENTIFIER = codesign.Landmarks;
				PRODUCT_NAME = "$(TARGET_NAME)";
				SWIFT_EMIT_LOC_STRINGS = YES;
				SWIFT_VERSION = 5.0;
				TARGETED_DEVICE_FAMILY = "1,2";
			};
			name = Release;
		};
/* End XCBuildConfiguration section */

/* Begin XCConfigurationList section */
		0F6675BE2C60283100B2BA76 /* Build configuration list for PBXNativeTarget "MacLandmarks" */ = {
			isa = XCConfigurationList;
			buildConfigurations = (
				0F6675BC2C60283100B2BA76 /* Debug */,
				0F6675BD2C60283100B2BA76 /* Release */,
			);
			defaultConfigurationIsVisible = 0;
			defaultConfigurationName = Release;
		};
		0F76DE452C5FE46A00D2C46D /* Build configuration list for PBXNativeTarget "WatchLandmarks Watch App" */ = {
			isa = XCConfigurationList;
			buildConfigurations = (
				0F76DE432C5FE46A00D2C46D /* Debug */,
				0F76DE442C5FE46A00D2C46D /* Release */,
			);
			defaultConfigurationIsVisible = 0;
			defaultConfigurationName = Release;
		};
		0FEB308D2C594059004B6282 /* Build configuration list for PBXProject "Landmarks" */ = {
			isa = XCConfigurationList;
			buildConfigurations = (
				0FEB309E2C59405A004B6282 /* Debug */,
				0FEB309F2C59405A004B6282 /* Release */,
			);
			defaultConfigurationIsVisible = 0;
			defaultConfigurationName = Release;
		};
		0FEB30A02C59405A004B6282 /* Build configuration list for PBXNativeTarget "Landmarks" */ = {
			isa = XCConfigurationList;
			buildConfigurations = (
				0FEB30A12C59405A004B6282 /* Debug */,
				0FEB30A22C59405A004B6282 /* Release */,
			);
			defaultConfigurationIsVisible = 0;
			defaultConfigurationName = Release;
		};
/* End XCConfigurationList section */
	};
	rootObject = 0FEB308A2C594059004B6282 /* Project object */;
}
