// !$*UTF8*$!
{
	archiveVersion = 1;
	classes = {
	};
	objectVersion = 56;
	objects = {

/* Begin PBXBuildFile section */
		0FEB30962C594059004B6282 /* LandmarksApp.swift in Sources */ = {isa = PBXBuildFile; fileRef = 0FEB30952C594059004B6282 /* LandmarksApp.swift */; };
		0FEB30982C594059004B6282 /* ContentView.swift in Sources */ = {isa = PBXBuildFile; fileRef = 0FEB30972C594059004B6282 /* ContentView.swift */; };
		0FEB309A2C59405A004B6282 /* Assets.xcassets in Resources */ = {isa = PBXBuildFile; fileRef = 0FEB30992C59405A004B6282 /* Assets.xcassets */; };
		0FEB309D2C59405A004B6282 /* Preview Assets.xcassets in Resources */ = {isa = PBXBuildFile; fileRef = 0FEB309C2C59405A004B6282 /* Preview Assets.xcassets */; };
		0FEB30A62C595979004B6282 /* CircleImage.swift in Sources */ = {isa = PBXBuildFile; fileRef = 0FEB30A52C595979004B6282 /* CircleImage.swift */; };
		0FEB30A82C595C6E004B6282 /* MapView.swift in Sources */ = {isa = PBXBuildFile; fileRef = 0FEB30A72C595C6E004B6282 /* MapView.swift */; };
		0FEB30AA2C5962B5004B6282 /* Readme.md in Resources */ = {isa = PBXBuildFile; fileRef = 0FEB30A92C5962B5004B6282 /* Readme.md */; };
		0FEB30AC2C59640B004B6282 /* landmarkData.json in Resources */ = {isa = PBXBuildFile; fileRef = 0FEB30AB2C59640B004B6282 /* landmarkData.json */; };
		0FEB30AE2C59683D004B6282 /* Landmark.swift in Sources */ = {isa = PBXBuildFile; fileRef = 0FEB30AD2C59683D004B6282 /* Landmark.swift */; };
		0FEB30B02C596AD5004B6282 /* ModelData.swift in Sources */ = {isa = PBXBuildFile; fileRef = 0FEB30AF2C596AD5004B6282 /* ModelData.swift */; };
		0FEB30B72C597237004B6282 /* LandmarkList.swift in Sources */ = {isa = PBXBuildFile; fileRef = 0FEB30B62C597237004B6282 /* LandmarkList.swift */; };
		0FEB30B92C5976A9004B6282 /* LandmarkDetail.swift in Sources */ = {isa = PBXBuildFile; fileRef = 0FEB30B82C5976A9004B6282 /* LandmarkDetail.swift */; };
		0FEB30BB2C5AC80C004B6282 /* FavoriteButton.swift in Sources */ = {isa = PBXBuildFile; fileRef = 0FEB30BA2C5AC80C004B6282 /* FavoriteButton.swift */; };
		0FEB30C32C5ADA3E004B6282 /* HexagonParameters.swift in Sources */ = {isa = PBXBuildFile; fileRef = 0FEB30C22C5ADA3E004B6282 /* HexagonParameters.swift */; };
		0FEB30C52C5ADC88004B6282 /* BadgeBackground.swift in Sources */ = {isa = PBXBuildFile; fileRef = 0FEB30C42C5ADC88004B6282 /* BadgeBackground.swift */; };
		0FEB30C72C5AE1E7004B6282 /* BadgeSymbol.swift in Sources */ = {isa = PBXBuildFile; fileRef = 0FEB30C62C5AE1E7004B6282 /* BadgeSymbol.swift */; };
		0FEB30C92C5AE33B004B6282 /* RotatedBadgeSymbol.swift in Sources */ = {isa = PBXBuildFile; fileRef = 0FEB30C82C5AE33B004B6282 /* RotatedBadgeSymbol.swift */; };
		0FEB30CB2C5AE3D6004B6282 /* Badge.swift in Sources */ = {isa = PBXBuildFile; fileRef = 0FEB30CA2C5AE3D6004B6282 /* Badge.swift */; };
		0FEB30CE2C5C015A004B6282 /* LandmarkRow.swift in Sources */ = {isa = PBXBuildFile; fileRef = 0FEB30CD2C5C015A004B6282 /* LandmarkRow.swift */; };
		0FEB30D02C5C0FDC004B6282 /* hikeData.json in Resources */ = {isa = PBXBuildFile; fileRef = 0FEB30CF2C5C0FDC004B6282 /* hikeData.json */; };
		0FEB30D22C5C106D004B6282 /* Hike.swift in Sources */ = {isa = PBXBuildFile; fileRef = 0FEB30D12C5C106D004B6282 /* Hike.swift */; };
		0FEB30D82C5C1179004B6282 /* GraphCapsule.swift in Sources */ = {isa = PBXBuildFile; fileRef = 0FEB30D32C5C1179004B6282 /* GraphCapsule.swift */; };
		0FEB30D92C5C1179004B6282 /* HikeDetail.swift in Sources */ = {isa = PBXBuildFile; fileRef = 0FEB30D42C5C1179004B6282 /* HikeDetail.swift */; };
		0FEB30DA2C5C1179004B6282 /* HikeGraph.swift in Sources */ = {isa = PBXBuildFile; fileRef = 0FEB30D52C5C1179004B6282 /* HikeGraph.swift */; };
		0FEB30DB2C5C1179004B6282 /* HikeView.swift in Sources */ = {isa = PBXBuildFile; fileRef = 0FEB30D62C5C1179004B6282 /* HikeView.swift */; };
		0FEB30DE2C5C2473004B6282 /* CategoryHome.swift in Sources */ = {isa = PBXBuildFile; fileRef = 0FEB30DD2C5C2473004B6282 /* CategoryHome.swift */; };
		0FEB30E02C5C2C66004B6282 /* CategoryRow.swift in Sources */ = {isa = PBXBuildFile; fileRef = 0FEB30DF2C5C2C66004B6282 /* CategoryRow.swift */; };
		0FEB30E22C5C3034004B6282 /* CategoryItem.swift in Sources */ = {isa = PBXBuildFile; fileRef = 0FEB30E12C5C3034004B6282 /* CategoryItem.swift */; };
/* End PBXBuildFile section */

/* Begin PBXFileReference section */
		0FEB30922C594059004B6282 /* Landmarks.app */ = {isa = PBXFileReference; explicitFileType = wrapper.application; includeInIndex = 0; path = Landmarks.app; sourceTree = BUILT_PRODUCTS_DIR; };
		0FEB30952C594059004B6282 /* LandmarksApp.swift */ = {isa = PBXFileReference; lastKnownFileType = sourcecode.swift; path = LandmarksApp.swift; sourceTree = "<group>"; };
		0FEB30972C594059004B6282 /* ContentView.swift */ = {isa = PBXFileReference; lastKnownFileType = sourcecode.swift; path = ContentView.swift; sourceTree = "<group>"; };
		0FEB30992C59405A004B6282 /* Assets.xcassets */ = {isa = PBXFileReference; lastKnownFileType = folder.assetcatalog; path = Assets.xcassets; sourceTree = "<group>"; };
		0FEB309C2C59405A004B6282 /* Preview Assets.xcassets */ = {isa = PBXFileReference; lastKnownFileType = folder.assetcatalog; path = "Preview Assets.xcassets"; sourceTree = "<group>"; };
		0FEB30A52C595979004B6282 /* CircleImage.swift */ = {isa = PBXFileReference; lastKnownFileType = sourcecode.swift; path = CircleImage.swift; sourceTree = "<group>"; };
		0FEB30A72C595C6E004B6282 /* MapView.swift */ = {isa = PBXFileReference; lastKnownFileType = sourcecode.swift; path = MapView.swift; sourceTree = "<group>"; };
		0FEB30A92C5962B5004B6282 /* Readme.md */ = {isa = PBXFileReference; lastKnownFileType = net.daringfireball.markdown; path = Readme.md; sourceTree = "<group>"; };
		0FEB30AB2C59640B004B6282 /* landmarkData.json */ = {isa = PBXFileReference; fileEncoding = 4; lastKnownFileType = text.json; path = landmarkData.json; sourceTree = "<group>"; };
		0FEB30AD2C59683D004B6282 /* Landmark.swift */ = {isa = PBXFileReference; lastKnownFileType = sourcecode.swift; path = Landmark.swift; sourceTree = "<group>"; };
		0FEB30AF2C596AD5004B6282 /* ModelData.swift */ = {isa = PBXFileReference; lastKnownFileType = sourcecode.swift; path = ModelData.swift; sourceTree = "<group>"; };
		0FEB30B62C597237004B6282 /* LandmarkList.swift */ = {isa = PBXFileReference; lastKnownFileType = sourcecode.swift; path = LandmarkList.swift; sourceTree = "<group>"; };
		0FEB30B82C5976A9004B6282 /* LandmarkDetail.swift */ = {isa = PBXFileReference; lastKnownFileType = sourcecode.swift; path = LandmarkDetail.swift; sourceTree = "<group>"; };
		0FEB30BA2C5AC80C004B6282 /* FavoriteButton.swift */ = {isa = PBXFileReference; lastKnownFileType = sourcecode.swift; path = FavoriteButton.swift; sourceTree = "<group>"; };
		0FEB30C22C5ADA3E004B6282 /* HexagonParameters.swift */ = {isa = PBXFileReference; lastKnownFileType = sourcecode.swift; path = HexagonParameters.swift; sourceTree = "<group>"; };
		0FEB30C42C5ADC88004B6282 /* BadgeBackground.swift */ = {isa = PBXFileReference; lastKnownFileType = sourcecode.swift; path = BadgeBackground.swift; sourceTree = "<group>"; };
		0FEB30C62C5AE1E7004B6282 /* BadgeSymbol.swift */ = {isa = PBXFileReference; lastKnownFileType = sourcecode.swift; path = BadgeSymbol.swift; sourceTree = "<group>"; };
		0FEB30C82C5AE33B004B6282 /* RotatedBadgeSymbol.swift */ = {isa = PBXFileReference; lastKnownFileType = sourcecode.swift; path = RotatedBadgeSymbol.swift; sourceTree = "<group>"; };
		0FEB30CA2C5AE3D6004B6282 /* Badge.swift */ = {isa = PBXFileReference; lastKnownFileType = sourcecode.swift; path = Badge.swift; sourceTree = "<group>"; };
		0FEB30CD2C5C015A004B6282 /* LandmarkRow.swift */ = {isa = PBXFileReference; fileEncoding = 4; lastKnownFileType = sourcecode.swift; path = LandmarkRow.swift; sourceTree = "<group>"; };
		0FEB30CF2C5C0FDC004B6282 /* hikeData.json */ = {isa = PBXFileReference; fileEncoding = 4; lastKnownFileType = text.json; path = hikeData.json; sourceTree = "<group>"; };
		0FEB30D12C5C106D004B6282 /* Hike.swift */ = {isa = PBXFileReference; lastKnownFileType = sourcecode.swift; path = Hike.swift; sourceTree = "<group>"; };
		0FEB30D32C5C1179004B6282 /* GraphCapsule.swift */ = {isa = PBXFileReference; fileEncoding = 4; lastKnownFileType = sourcecode.swift; path = GraphCapsule.swift; sourceTree = "<group>"; };
		0FEB30D42C5C1179004B6282 /* HikeDetail.swift */ = {isa = PBXFileReference; fileEncoding = 4; lastKnownFileType = sourcecode.swift; path = HikeDetail.swift; sourceTree = "<group>"; };
		0FEB30D52C5C1179004B6282 /* HikeGraph.swift */ = {isa = PBXFileReference; fileEncoding = 4; lastKnownFileType = sourcecode.swift; path = HikeGraph.swift; sourceTree = "<group>"; };
		0FEB30D62C5C1179004B6282 /* HikeView.swift */ = {isa = PBXFileReference; fileEncoding = 4; lastKnownFileType = sourcecode.swift; path = HikeView.swift; sourceTree = "<group>"; };
		0FEB30DD2C5C2473004B6282 /* CategoryHome.swift */ = {isa = PBXFileReference; lastKnownFileType = sourcecode.swift; path = CategoryHome.swift; sourceTree = "<group>"; };
		0FEB30DF2C5C2C66004B6282 /* CategoryRow.swift */ = {isa = PBXFileReference; lastKnownFileType = sourcecode.swift; path = CategoryRow.swift; sourceTree = "<group>"; };
		0FEB30E12C5C3034004B6282 /* CategoryItem.swift */ = {isa = PBXFileReference; lastKnownFileType = sourcecode.swift; path = CategoryItem.swift; sourceTree = "<group>"; };
/* End PBXFileReference section */

/* Begin PBXFrameworksBuildPhase section */
		0FEB308F2C594059004B6282 /* Frameworks */ = {
			isa = PBXFrameworksBuildPhase;
			buildActionMask = 2147483647;
			files = (
			);
			runOnlyForDeploymentPostprocessing = 0;
		};
/* End PBXFrameworksBuildPhase section */

/* Begin PBXGroup section */
		0FEB30892C594059004B6282 = {
			isa = PBXGroup;
			children = (
				0FEB30942C594059004B6282 /* Landmarks */,
				0FEB30932C594059004B6282 /* Products */,
			);
			sourceTree = "<group>";
		};
		0FEB30932C594059004B6282 /* Products */ = {
			isa = PBXGroup;
			children = (
				0FEB30922C594059004B6282 /* Landmarks.app */,
			);
			name = Products;
			sourceTree = "<group>";
		};
		0FEB30942C594059004B6282 /* Landmarks */ = {
			isa = PBXGroup;
			children = (
				0FEB30952C594059004B6282 /* LandmarksApp.swift */,
				0FEB30B12C596C16004B6282 /* Views */,
				0FEB30A92C5962B5004B6282 /* Readme.md */,
				0FEB30992C59405A004B6282 /* Assets.xcassets */,
				0FEB30B32C596C55004B6282 /* Model */,
				0FEB30B22C596C32004B6282 /* Resources */,
				0FEB309B2C59405A004B6282 /* Preview Content */,
			);
			path = Landmarks;
			sourceTree = "<group>";
		};
		0FEB309B2C59405A004B6282 /* Preview Content */ = {
			isa = PBXGroup;
			children = (
				0FEB309C2C59405A004B6282 /* Preview Assets.xcassets */,
			);
			path = "Preview Content";
			sourceTree = "<group>";
		};
		0FEB30B12C596C16004B6282 /* Views */ = {
			isa = PBXGroup;
			children = (
				0FEB30DC2C5C242F004B6282 /* Categories */,
				0FEB30D72C5C1179004B6282 /* Hikes */,
				0FEB30CC2C5AE5AF004B6282 /* Badge */,
				0FEB30BD2C5ACA74004B6282 /* Landmarks */,
				0FEB30BC2C5ACA47004B6282 /* Helpers */,
				0FEB30972C594059004B6282 /* ContentView.swift */,
			);
			path = Views;
			sourceTree = "<group>";
		};
		0FEB30B22C596C32004B6282 /* Resources */ = {
			isa = PBXGroup;
			children = (
				0FEB30CF2C5C0FDC004B6282 /* hikeData.json */,
				0FEB30AB2C59640B004B6282 /* landmarkData.json */,
			);
			path = Resources;
			sourceTree = "<group>";
		};
		0FEB30B32C596C55004B6282 /* Model */ = {
			isa = PBXGroup;
			children = (
				0FEB30D12C5C106D004B6282 /* Hike.swift */,
				0FEB30AD2C59683D004B6282 /* Landmark.swift */,
				0FEB30AF2C596AD5004B6282 /* ModelData.swift */,
			);
			path = Model;
			sourceTree = "<group>";
		};
		0FEB30BC2C5ACA47004B6282 /* Helpers */ = {
			isa = PBXGroup;
			children = (
				0FEB30BA2C5AC80C004B6282 /* FavoriteButton.swift */,
				0FEB30A52C595979004B6282 /* CircleImage.swift */,
				0FEB30A72C595C6E004B6282 /* MapView.swift */,
			);
			path = Helpers;
			sourceTree = "<group>";
		};
		0FEB30BD2C5ACA74004B6282 /* Landmarks */ = {
			isa = PBXGroup;
			children = (
				0FEB30CD2C5C015A004B6282 /* LandmarkRow.swift */,
				0FEB30B62C597237004B6282 /* LandmarkList.swift */,
				0FEB30B82C5976A9004B6282 /* LandmarkDetail.swift */,
			);
			path = Landmarks;
			sourceTree = "<group>";
		};
		0FEB30CC2C5AE5AF004B6282 /* Badge */ = {
			isa = PBXGroup;
			children = (
				0FEB30C22C5ADA3E004B6282 /* HexagonParameters.swift */,
				0FEB30C42C5ADC88004B6282 /* BadgeBackground.swift */,
				0FEB30C62C5AE1E7004B6282 /* BadgeSymbol.swift */,
				0FEB30C82C5AE33B004B6282 /* RotatedBadgeSymbol.swift */,
				0FEB30CA2C5AE3D6004B6282 /* Badge.swift */,
			);
			path = Badge;
			sourceTree = "<group>";
		};
		0FEB30D72C5C1179004B6282 /* Hikes */ = {
			isa = PBXGroup;
			children = (
				0FEB30D32C5C1179004B6282 /* GraphCapsule.swift */,
				0FEB30D42C5C1179004B6282 /* HikeDetail.swift */,
				0FEB30D52C5C1179004B6282 /* HikeGraph.swift */,
				0FEB30D62C5C1179004B6282 /* HikeView.swift */,
			);
			path = Hikes;
			sourceTree = "<group>";
		};
		0FEB30DC2C5C242F004B6282 /* Categories */ = {
			isa = PBXGroup;
			children = (
				0FEB30DD2C5C2473004B6282 /* CategoryHome.swift */,
				0FEB30DF2C5C2C66004B6282 /* CategoryRow.swift */,
				0FEB30E12C5C3034004B6282 /* CategoryItem.swift */,
			);
			path = Categories;
			sourceTree = "<group>";
		};
/* End PBXGroup section */

/* Begin PBXNativeTarget section */
		0FEB30912C594059004B6282 /* Landmarks */ = {
			isa = PBXNativeTarget;
			buildConfigurationList = 0FEB30A02C59405A004B6282 /* Build configuration list for PBXNativeTarget "Landmarks" */;
			buildPhases = (
				0FEB308E2C594059004B6282 /* Sources */,
				0FEB308F2C594059004B6282 /* Frameworks */,
				0FEB30902C594059004B6282 /* Resources */,
			);
			buildRules = (
			);
			dependencies = (
			);
			name = Landmarks;
			productName = Landmarks;
			productReference = 0FEB30922C594059004B6282 /* Landmarks.app */;
			productType = "com.apple.product-type.application";
		};
/* End PBXNativeTarget section */

/* Begin PBXProject section */
		0FEB308A2C594059004B6282 /* Project object */ = {
			isa = PBXProject;
			attributes = {
				BuildIndependentTargetsInParallel = 1;
				LastSwiftUpdateCheck = 1540;
				LastUpgradeCheck = 1540;
				TargetAttributes = {
					0FEB30912C594059004B6282 = {
						CreatedOnToolsVersion = 15.4;
					};
				};
			};
			buildConfigurationList = 0FEB308D2C594059004B6282 /* Build configuration list for PBXProject "Landmarks" */;
			compatibilityVersion = "Xcode 14.0";
			developmentRegion = en;
			hasScannedForEncodings = 0;
			knownRegions = (
				en,
				Base,
			);
			mainGroup = 0FEB30892C594059004B6282;
			productRefGroup = 0FEB30932C594059004B6282 /* Products */;
			projectDirPath = "";
			projectRoot = "";
			targets = (
				0FEB30912C594059004B6282 /* Landmarks */,
			);
		};
/* End PBXProject section */

/* Begin PBXResourcesBuildPhase section */
		0FEB30902C594059004B6282 /* Resources */ = {
			isa = PBXResourcesBuildPhase;
			buildActionMask = 2147483647;
			files = (
				0FEB309D2C59405A004B6282 /* Preview Assets.xcassets in Resources */,
				0FEB30AC2C59640B004B6282 /* landmarkData.json in Resources */,
				0FEB309A2C59405A004B6282 /* Assets.xcassets in Resources */,
				0FEB30AA2C5962B5004B6282 /* Readme.md in Resources */,
				0FEB30D02C5C0FDC004B6282 /* hikeData.json in Resources */,
			);
			runOnlyForDeploymentPostprocessing = 0;
		};
/* End PBXResourcesBuildPhase section */

/* Begin PBXSourcesBuildPhase section */
		0FEB308E2C594059004B6282 /* Sources */ = {
			isa = PBXSourcesBuildPhase;
			buildActionMask = 2147483647;
			files = (
				0FEB30E02C5C2C66004B6282 /* CategoryRow.swift in Sources */,
				0FEB30982C594059004B6282 /* ContentView.swift in Sources */,
				0FEB30DE2C5C2473004B6282 /* CategoryHome.swift in Sources */,
				0FEB30CB2C5AE3D6004B6282 /* Badge.swift in Sources */,
				0FEB30A82C595C6E004B6282 /* MapView.swift in Sources */,
				0FEB30D82C5C1179004B6282 /* GraphCapsule.swift in Sources */,
				0FEB30DA2C5C1179004B6282 /* HikeGraph.swift in Sources */,
				0FEB30962C594059004B6282 /* LandmarksApp.swift in Sources */,
				0FEB30BB2C5AC80C004B6282 /* FavoriteButton.swift in Sources */,
				0FEB30E22C5C3034004B6282 /* CategoryItem.swift in Sources */,
				0FEB30C32C5ADA3E004B6282 /* HexagonParameters.swift in Sources */,
				0FEB30D22C5C106D004B6282 /* Hike.swift in Sources */,
				0FEB30C92C5AE33B004B6282 /* RotatedBadgeSymbol.swift in Sources */,
				0FEB30C72C5AE1E7004B6282 /* BadgeSymbol.swift in Sources */,
				0FEB30CE2C5C015A004B6282 /* LandmarkRow.swift in Sources */,
				0FEB30D92C5C1179004B6282 /* HikeDetail.swift in Sources */,
				0FEB30DB2C5C1179004B6282 /* HikeView.swift in Sources */,
				0FEB30B72C597237004B6282 /* LandmarkList.swift in Sources */,
				0FEB30B92C5976A9004B6282 /* LandmarkDetail.swift in Sources */,
				0FEB30C52C5ADC88004B6282 /* BadgeBackground.swift in Sources */,
				0FEB30A62C595979004B6282 /* CircleImage.swift in Sources */,
				0FEB30AE2C59683D004B6282 /* Landmark.swift in Sources */,
				0FEB30B02C596AD5004B6282 /* ModelData.swift in Sources */,
			);
			runOnlyForDeploymentPostprocessing = 0;
		};
/* End PBXSourcesBuildPhase section */

/* Begin XCBuildConfiguration section */
		0FEB309E2C59405A004B6282 /* Debug */ = {
			isa = XCBuildConfiguration;
			buildSettings = {
				ALWAYS_SEARCH_USER_PATHS = NO;
				ASSETCATALOG_COMPILER_GENERATE_SWIFT_ASSET_SYMBOL_EXTENSIONS = YES;
				CLANG_ANALYZER_NONNULL = YES;
				CLANG_ANALYZER_NUMBER_OBJECT_CONVERSION = YES_AGGRESSIVE;
				CLANG_CXX_LANGUAGE_STANDARD = "gnu++20";
				CLANG_ENABLE_MODULES = YES;
				CLANG_ENABLE_OBJC_ARC = YES;
				CLANG_ENABLE_OBJC_WEAK = YES;
				CLANG_WARN_BLOCK_CAPTURE_AUTORELEASING = YES;
				CLANG_WARN_BOOL_CONVERSION = YES;
				CLANG_WARN_COMMA = YES;
				CLANG_WARN_CONSTANT_CONVERSION = YES;
				CLANG_WARN_DEPRECATED_OBJC_IMPLEMENTATIONS = YES;
				CLANG_WARN_DIRECT_OBJC_ISA_USAGE = YES_ERROR;
				CLANG_WARN_DOCUMENTATION_COMMENTS = YES;
				CLANG_WARN_EMPTY_BODY = YES;
				CLANG_WARN_ENUM_CONVERSION = YES;
				CLANG_WARN_INFINITE_RECURSION = YES;
				CLANG_WARN_INT_CONVERSION = YES;
				CLANG_WARN_NON_LITERAL_NULL_CONVERSION = YES;
				CLANG_WARN_OBJC_IMPLICIT_RETAIN_SELF = YES;
				CLANG_WARN_OBJC_LITERAL_CONVERSION = YES;
				CLANG_WARN_OBJC_ROOT_CLASS = YES_ERROR;
				CLANG_WARN_QUOTED_INCLUDE_IN_FRAMEWORK_HEADER = YES;
				CLANG_WARN_RANGE_LOOP_ANALYSIS = YES;
				CLANG_WARN_STRICT_PROTOTYPES = YES;
				CLANG_WARN_SUSPICIOUS_MOVE = YES;
				CLANG_WARN_UNGUARDED_AVAILABILITY = YES_AGGRESSIVE;
				CLANG_WARN_UNREACHABLE_CODE = YES;
				CLANG_WARN__DUPLICATE_METHOD_MATCH = YES;
				COPY_PHASE_STRIP = NO;
				DEBUG_INFORMATION_FORMAT = dwarf;
				ENABLE_STRICT_OBJC_MSGSEND = YES;
				ENABLE_TESTABILITY = YES;
				ENABLE_USER_SCRIPT_SANDBOXING = YES;
				GCC_C_LANGUAGE_STANDARD = gnu17;
				GCC_DYNAMIC_NO_PIC = NO;
				GCC_NO_COMMON_BLOCKS = YES;
				GCC_OPTIMIZATION_LEVEL = 0;
				GCC_PREPROCESSOR_DEFINITIONS = (
					"DEBUG=1",
					"$(inherited)",
				);
				GCC_WARN_64_TO_32_BIT_CONVERSION = YES;
				GCC_WARN_ABOUT_RETURN_TYPE = YES_ERROR;
				GCC_WARN_UNDECLARED_SELECTOR = YES;
				GCC_WARN_UNINITIALIZED_AUTOS = YES_AGGRESSIVE;
				GCC_WARN_UNUSED_FUNCTION = YES;
				GCC_WARN_UNUSED_VARIABLE = YES;
				IPHONEOS_DEPLOYMENT_TARGET = 17.5;
				LOCALIZATION_PREFERS_STRING_CATALOGS = YES;
				MTL_ENABLE_DEBUG_INFO = INCLUDE_SOURCE;
				MTL_FAST_MATH = YES;
				ONLY_ACTIVE_ARCH = YES;
				SDKROOT = iphoneos;
				SWIFT_ACTIVE_COMPILATION_CONDITIONS = "DEBUG $(inherited)";
				SWIFT_OPTIMIZATION_LEVEL = "-Onone";
			};
			name = Debug;
		};
		0FEB309F2C59405A004B6282 /* Release */ = {
			isa = XCBuildConfiguration;
			buildSettings = {
				ALWAYS_SEARCH_USER_PATHS = NO;
				ASSETCATALOG_COMPILER_GENERATE_SWIFT_ASSET_SYMBOL_EXTENSIONS = YES;
				CLANG_ANALYZER_NONNULL = YES;
				CLANG_ANALYZER_NUMBER_OBJECT_CONVERSION = YES_AGGRESSIVE;
				CLANG_CXX_LANGUAGE_STANDARD = "gnu++20";
				CLANG_ENABLE_MODULES = YES;
				CLANG_ENABLE_OBJC_ARC = YES;
				CLANG_ENABLE_OBJC_WEAK = YES;
				CLANG_WARN_BLOCK_CAPTURE_AUTORELEASING = YES;
				CLANG_WARN_BOOL_CONVERSION = YES;
				CLANG_WARN_COMMA = YES;
				CLANG_WARN_CONSTANT_CONVERSION = YES;
				CLANG_WARN_DEPRECATED_OBJC_IMPLEMENTATIONS = YES;
				CLANG_WARN_DIRECT_OBJC_ISA_USAGE = YES_ERROR;
				CLANG_WARN_DOCUMENTATION_COMMENTS = YES;
				CLANG_WARN_EMPTY_BODY = YES;
				CLANG_WARN_ENUM_CONVERSION = YES;
				CLANG_WARN_INFINITE_RECURSION = YES;
				CLANG_WARN_INT_CONVERSION = YES;
				CLANG_WARN_NON_LITERAL_NULL_CONVERSION = YES;
				CLANG_WARN_OBJC_IMPLICIT_RETAIN_SELF = YES;
				CLANG_WARN_OBJC_LITERAL_CONVERSION = YES;
				CLANG_WARN_OBJC_ROOT_CLASS = YES_ERROR;
				CLANG_WARN_QUOTED_INCLUDE_IN_FRAMEWORK_HEADER = YES;
				CLANG_WARN_RANGE_LOOP_ANALYSIS = YES;
				CLANG_WARN_STRICT_PROTOTYPES = YES;
				CLANG_WARN_SUSPICIOUS_MOVE = YES;
				CLANG_WARN_UNGUARDED_AVAILABILITY = YES_AGGRESSIVE;
				CLANG_WARN_UNREACHABLE_CODE = YES;
				CLANG_WARN__DUPLICATE_METHOD_MATCH = YES;
				COPY_PHASE_STRIP = NO;
				DEBUG_INFORMATION_FORMAT = "dwarf-with-dsym";
				ENABLE_NS_ASSERTIONS = NO;
				ENABLE_STRICT_OBJC_MSGSEND = YES;
				ENABLE_USER_SCRIPT_SANDBOXING = YES;
				GCC_C_LANGUAGE_STANDARD = gnu17;
				GCC_NO_COMMON_BLOCKS = YES;
				GCC_WARN_64_TO_32_BIT_CONVERSION = YES;
				GCC_WARN_ABOUT_RETURN_TYPE = YES_ERROR;
				GCC_WARN_UNDECLARED_SELECTOR = YES;
				GCC_WARN_UNINITIALIZED_AUTOS = YES_AGGRESSIVE;
				GCC_WARN_UNUSED_FUNCTION = YES;
				GCC_WARN_UNUSED_VARIABLE = YES;
				IPHONEOS_DEPLOYMENT_TARGET = 17.5;
				LOCALIZATION_PREFERS_STRING_CATALOGS = YES;
				MTL_ENABLE_DEBUG_INFO = NO;
				MTL_FAST_MATH = YES;
				SDKROOT = iphoneos;
				SWIFT_COMPILATION_MODE = wholemodule;
				VALIDATE_PRODUCT = YES;
			};
			name = Release;
		};
		0FEB30A12C59405A004B6282 /* Debug */ = {
			isa = XCBuildConfiguration;
			buildSettings = {
				ASSETCATALOG_COMPILER_APPICON_NAME = AppIcon;
				ASSETCATALOG_COMPILER_GLOBAL_ACCENT_COLOR_NAME = AccentColor;
				CODE_SIGN_STYLE = Automatic;
				CURRENT_PROJECT_VERSION = 1;
				DEVELOPMENT_ASSET_PATHS = "\"Landmarks/Preview Content\"";
				DEVELOPMENT_TEAM = 2Y33XHX3WS;
				ENABLE_PREVIEWS = YES;
				GENERATE_INFOPLIST_FILE = YES;
				INFOPLIST_KEY_UIApplicationSceneManifest_Generation = YES;
				INFOPLIST_KEY_UIApplicationSupportsIndirectInputEvents = YES;
				INFOPLIST_KEY_UILaunchScreen_Generation = YES;
				INFOPLIST_KEY_UISupportedInterfaceOrientations_iPad = "UIInterfaceOrientationPortrait UIInterfaceOrientationPortraitUpsideDown UIInterfaceOrientationLandscapeLeft UIInterfaceOrientationLandscapeRight";
				INFOPLIST_KEY_UISupportedInterfaceOrientations_iPhone = "UIInterfaceOrientationPortrait UIInterfaceOrientationLandscapeLeft UIInterfaceOrientationLandscapeRight";
				LD_RUNPATH_SEARCH_PATHS = (
					"$(inherited)",
					"@executable_path/Frameworks",
				);
				MARKETING_VERSION = 1.0;
				PRODUCT_BUNDLE_IDENTIFIER = codesign.Landmarks;
				PRODUCT_NAME = "$(TARGET_NAME)";
				SWIFT_EMIT_LOC_STRINGS = YES;
				SWIFT_VERSION = 5.0;
				TARGETED_DEVICE_FAMILY = "1,2";
			};
			name = Debug;
		};
		0FEB30A22C59405A004B6282 /* Release */ = {
			isa = XCBuildConfiguration;
			buildSettings = {
				ASSETCATALOG_COMPILER_APPICON_NAME = AppIcon;
				ASSETCATALOG_COMPILER_GLOBAL_ACCENT_COLOR_NAME = AccentColor;
				CODE_SIGN_STYLE = Automatic;
				CURRENT_PROJECT_VERSION = 1;
				DEVELOPMENT_ASSET_PATHS = "\"Landmarks/Preview Content\"";
				DEVELOPMENT_TEAM = 2Y33XHX3WS;
				ENABLE_PREVIEWS = YES;
				GENERATE_INFOPLIST_FILE = YES;
				INFOPLIST_KEY_UIApplicationSceneManifest_Generation = YES;
				INFOPLIST_KEY_UIApplicationSupportsIndirectInputEvents = YES;
				INFOPLIST_KEY_UILaunchScreen_Generation = YES;
				INFOPLIST_KEY_UISupportedInterfaceOrientations_iPad = "UIInterfaceOrientationPortrait UIInterfaceOrientationPortraitUpsideDown UIInterfaceOrientationLandscapeLeft UIInterfaceOrientationLandscapeRight";
				INFOPLIST_KEY_UISupportedInterfaceOrientations_iPhone = "UIInterfaceOrientationPortrait UIInterfaceOrientationLandscapeLeft UIInterfaceOrientationLandscapeRight";
				LD_RUNPATH_SEARCH_PATHS = (
					"$(inherited)",
					"@executable_path/Frameworks",
				);
				MARKETING_VERSION = 1.0;
				PRODUCT_BUNDLE_IDENTIFIER = codesign.Landmarks;
				PRODUCT_NAME = "$(TARGET_NAME)";
				SWIFT_EMIT_LOC_STRINGS = YES;
				SWIFT_VERSION = 5.0;
				TARGETED_DEVICE_FAMILY = "1,2";
			};
			name = Release;
		};
/* End XCBuildConfiguration section */

/* Begin XCConfigurationList section */
		0FEB308D2C594059004B6282 /* Build configuration list for PBXProject "Landmarks" */ = {
			isa = XCConfigurationList;
			buildConfigurations = (
				0FEB309E2C59405A004B6282 /* Debug */,
				0FEB309F2C59405A004B6282 /* Release */,
			);
			defaultConfigurationIsVisible = 0;
			defaultConfigurationName = Release;
		};
		0FEB30A02C59405A004B6282 /* Build configuration list for PBXNativeTarget "Landmarks" */ = {
			isa = XCConfigurationList;
			buildConfigurations = (
				0FEB30A12C59405A004B6282 /* Debug */,
				0FEB30A22C59405A004B6282 /* Release */,
			);
			defaultConfigurationIsVisible = 0;
			defaultConfigurationName = Release;
		};
/* End XCConfigurationList section */
	};
	rootObject = 0FEB308A2C594059004B6282 /* Project object */;
}
